// !$*UTF8*$!
{
	archiveVersion = 1;
	classes = {
	};
	objectVersion = 50;
	objects = {

/* Begin PBXBuildFile section */
		941C170B247CBFF900E2523F /* cache.c in Sources */ = {isa = PBXBuildFile; fileRef = 941C16EB247CBFEE00E2523F /* cache.c */; };
		941C170C247CBFF900E2523F /* cache.h in Sources */ = {isa = PBXBuildFile; fileRef = 941C16CE247CBFEC00E2523F /* cache.h */; };
		941C170D247CBFF900E2523F /* config.c in Sources */ = {isa = PBXBuildFile; fileRef = 941C16CA247CBFEC00E2523F /* config.c */; };
		941C170E247CBFF900E2523F /* config.h in Sources */ = {isa = PBXBuildFile; fileRef = 941C16D4247CBFEC00E2523F /* config.h */; };
		941C170F247CBFF900E2523F /* crypto_secretbox_salsa20poly1305.c in Sources */ = {isa = PBXBuildFile; fileRef = 941C16D7247CBFEC00E2523F /* crypto_secretbox_salsa20poly1305.c */; };
		941C1710247CBFF900E2523F /* crypto_secretbox_salsa20poly1305.h in Sources */ = {isa = PBXBuildFile; fileRef = 941C16D3247CBFEC00E2523F /* crypto_secretbox_salsa20poly1305.h */; };
		941C1711247CBFF900E2523F /* cryptostream_decrypt_feed.c in Sources */ = {isa = PBXBuildFile; fileRef = 941C16D1247CBFEC00E2523F /* cryptostream_decrypt_feed.c */; };
		941C1712247CBFF900E2523F /* cryptostream_decrypt_parallel.c in Sources */ = {isa = PBXBuildFile; fileRef = 941C16E7247CBFED00E2523F /* cryptostream_decrypt_parallel.c */; };
		941C1713247CBFF900E2523F /* cryptostream_decrypt.c in Sources */ = {isa = PBXBuildFile; fileRef = 941C16CB247CBFEC00E2523F /* cryptostream_decrypt.c */; };
		941C1714247CBFF900E2523F /* cryptostream_encrypt_feed.c in Sources */ = {isa = PBXBuildFile; fileRef = 941C16D8247CBFEC00E2523F /* cryptostream_encrypt_feed.c */; };
		941C1715247CBFF900E2523F /* cryptostream_encrypt_parallel.c in Sources */ = {isa = PBXBuildFile; fileRef = 941C16C8247CBFEB00E2523F /* cryptostream_encrypt_parallel.c */; };
		941C1716247CBFF900E2523F /* cryptostream_encrypt.c in Sources */ = {isa = PBXBuildFile; fileRef = 941C16E9247CBFEE00E2523F /* cryptostream_encrypt.c */; };
		941C1717247CBFF900E2523F /* cryptostream_vector.c in Sources */ = {isa = PBXBuildFile; fileRef = 941C16BF247CBFEB00E2523F /* cryptostream_vector.c */; };
		941C1718247CBFF900E2523F /* cryptostream.h in Sources */ = {isa = PBXBuildFile; fileRef = 941C16C9247CBFEC00E2523F /* cryptostream.h */; };
		941C1719247CBFF900E2523F /* hypercounter.c in Sources */ = {isa = PBXBuildFile; fileRef = 941C16CC247CBFEC00E2523F /* hypercounter.c */; };
		941C171A247CBFF900E2523F /* hypercounter.h in Sources */ = {isa = PBXBuildFile; fileRef = 941C16DD247CBFED00E2523F /* hypercounter.h */; };
		941C171B247CBFF900E2523F /* log.c in Sources */ = {isa = PBXBuildFile; fileRef = 941C16C5247CBFEB00E2523F /* log.c */; };
		941C171C247CBFF900E2523F /* log.h in Sources */ = {isa = PBXBuildFile; fileRef = 941C16CD247CBFEC00E2523F /* log.h */; };
		941C171D247CBFF900E2523F /* math.h in Sources */ = {isa = PBXBuildFile; fileRef = 941C16BB247CBFEB00E2523F /* math.h */; };
		941C171E247CBFF900E2523F /* nonce.c in Sources */ = {isa = PBXBuildFile; fileRef = 941C16E2247CBFED00E2523F /* nonce.c */; };
		941C171F247CBFF900E2523F /* nonce.h in Sources */ = {isa = PBXBuildFile; fileRef = 941C16C6247CBFEB00E2523F /* nonce.h */; };
		941C1720247CBFF900E2523F /* oops.c in Sources */ = {isa = PBXBuildFile; fileRef = 941C16EC247CBFEE00E2523F /* oops.c */; };
		941C1721247CBFF900E2523F /* oops.h in Sources */ = {isa = PBXBuildFile; fileRef = 941C16C4247CBFEB00E2523F /* oops.h */; };
		941C1722247CBFF900E2523F /* rwn.c in Sources */ = {isa = PBXBuildFile; fileRef = 941C16EA247CBFEE00E2523F /* rwn.c */; };
		941C1723247CBFF900E2523F /* rwn.h in Sources */ = {isa = PBXBuildFile; fileRef = 941C16D5247CBFEC00E2523F /* rwn.h */; };
		941C1724247CBFF900E2523F /* saltunnel_kx.c in Sources */ = {isa = PBXBuildFile; fileRef = 941C16BC247CBFEB00E2523F /* saltunnel_kx.c */; };
		941C1725247CBFF900E2523F /* saltunnel_kx.h in Sources */ = {isa = PBXBuildFile; fileRef = 941C16C0247CBFEB00E2523F /* saltunnel_kx.h */; };
		941C1726247CBFF900E2523F /* saltunnel_mx_parallel.c in Sources */ = {isa = PBXBuildFile; fileRef = 941C16BA247CBFEB00E2523F /* saltunnel_mx_parallel.c */; };
		941C1727247CBFF900E2523F /* saltunnel_mx_serial.c in Sources */ = {isa = PBXBuildFile; fileRef = 941C16D9247CBFEC00E2523F /* saltunnel_mx_serial.c */; };
		941C1728247CBFF900E2523F /* saltunnel_mx.h in Sources */ = {isa = PBXBuildFile; fileRef = 941C16C7247CBFEB00E2523F /* saltunnel_mx.h */; };
		941C1729247CBFF900E2523F /* saltunnel_tcp_client_forwarder.c in Sources */ = {isa = PBXBuildFile; fileRef = 941C16D0247CBFEC00E2523F /* saltunnel_tcp_client_forwarder.c */; };
		941C172A247CBFF900E2523F /* saltunnel_tcp_client_forwarder.h in Sources */ = {isa = PBXBuildFile; fileRef = 941C16C2247CBFEB00E2523F /* saltunnel_tcp_client_forwarder.h */; };
		941C172B247CBFF900E2523F /* saltunnel_tcp_server_forwarder.c in Sources */ = {isa = PBXBuildFile; fileRef = 941C16DB247CBFED00E2523F /* saltunnel_tcp_server_forwarder.c */; };
		941C172C247CBFF900E2523F /* saltunnel_tcp_server_forwarder.h in Sources */ = {isa = PBXBuildFile; fileRef = 941C16CF247CBFEC00E2523F /* saltunnel_tcp_server_forwarder.h */; };
		941C172D247CBFF900E2523F /* saltunnel.c in Sources */ = {isa = PBXBuildFile; fileRef = 941C16D6247CBFEC00E2523F /* saltunnel.c */; };
		941C172E247CBFF900E2523F /* saltunnel.h in Sources */ = {isa = PBXBuildFile; fileRef = 941C16E0247CBFED00E2523F /* saltunnel.h */; };
		941C172F247CBFF900E2523F /* stopwatch.c in Sources */ = {isa = PBXBuildFile; fileRef = 941C16E5247CBFED00E2523F /* stopwatch.c */; };
		941C1730247CBFF900E2523F /* stopwatch.h in Sources */ = {isa = PBXBuildFile; fileRef = 941C16BD247CBFEB00E2523F /* stopwatch.h */; };
		941C1731247CBFF900E2523F /* tcpclient.c in Sources */ = {isa = PBXBuildFile; fileRef = 941C16BE247CBFEB00E2523F /* tcpclient.c */; };
		941C1732247CBFF900E2523F /* tcpclient.h in Sources */ = {isa = PBXBuildFile; fileRef = 941C16DE247CBFED00E2523F /* tcpclient.h */; };
		941C1733247CBFF900E2523F /* tcpserver.c in Sources */ = {isa = PBXBuildFile; fileRef = 941C16C3247CBFEB00E2523F /* tcpserver.c */; };
		941C1734247CBFF900E2523F /* tcpserver.h in Sources */ = {isa = PBXBuildFile; fileRef = 941C16C1247CBFEB00E2523F /* tcpserver.h */; };
		941C1735247CBFF900E2523F /* threadpool_barrier.c in Sources */ = {isa = PBXBuildFile; fileRef = 941C16E8247CBFED00E2523F /* threadpool_barrier.c */; };
		941C1736247CBFF900E2523F /* threadpool_barrier.h in Sources */ = {isa = PBXBuildFile; fileRef = 941C16D2247CBFEC00E2523F /* threadpool_barrier.h */; };
		941C1737247CBFF900E2523F /* threadpool.c in Sources */ = {isa = PBXBuildFile; fileRef = 941C16DF247CBFED00E2523F /* threadpool.c */; };
		941C1738247CBFF900E2523F /* threadpool.h in Sources */ = {isa = PBXBuildFile; fileRef = 941C16E4247CBFED00E2523F /* threadpool.h */; };
		941C1739247CBFF900E2523F /* uint16.c in Sources */ = {isa = PBXBuildFile; fileRef = 941C16DC247CBFED00E2523F /* uint16.c */; };
		941C173A247CBFF900E2523F /* uint16.h in Sources */ = {isa = PBXBuildFile; fileRef = 941C16E6247CBFED00E2523F /* uint16.h */; };
		941C173B247CBFF900E2523F /* uint32.c in Sources */ = {isa = PBXBuildFile; fileRef = 941C16E1247CBFED00E2523F /* uint32.c */; };
		941C173C247CBFF900E2523F /* uint32.h in Sources */ = {isa = PBXBuildFile; fileRef = 941C16DA247CBFEC00E2523F /* uint32.h */; };
		941C173D247CBFF900E2523F /* uint64.c in Sources */ = {isa = PBXBuildFile; fileRef = 941C16ED247CBFEE00E2523F /* uint64.c */; };
		941C173E247CBFF900E2523F /* uint64.h in Sources */ = {isa = PBXBuildFile; fileRef = 941C16E3247CBFED00E2523F /* uint64.h */; };
		941C17A2247CC02C00E2523F /* cache.c in Sources */ = {isa = PBXBuildFile; fileRef = 941C16EB247CBFEE00E2523F /* cache.c */; };
		941C17A3247CC02C00E2523F /* cache.h in Sources */ = {isa = PBXBuildFile; fileRef = 941C16CE247CBFEC00E2523F /* cache.h */; };
		941C17A4247CC02C00E2523F /* config.c in Sources */ = {isa = PBXBuildFile; fileRef = 941C16CA247CBFEC00E2523F /* config.c */; };
		941C17A5247CC02C00E2523F /* config.h in Sources */ = {isa = PBXBuildFile; fileRef = 941C16D4247CBFEC00E2523F /* config.h */; };
		941C17A6247CC02C00E2523F /* crypto_secretbox_salsa20poly1305.c in Sources */ = {isa = PBXBuildFile; fileRef = 941C16D7247CBFEC00E2523F /* crypto_secretbox_salsa20poly1305.c */; };
		941C17A7247CC02C00E2523F /* crypto_secretbox_salsa20poly1305.h in Sources */ = {isa = PBXBuildFile; fileRef = 941C16D3247CBFEC00E2523F /* crypto_secretbox_salsa20poly1305.h */; };
		941C17A8247CC02C00E2523F /* cryptostream_decrypt_feed.c in Sources */ = {isa = PBXBuildFile; fileRef = 941C16D1247CBFEC00E2523F /* cryptostream_decrypt_feed.c */; };
		941C17A9247CC02C00E2523F /* cryptostream_decrypt_parallel.c in Sources */ = {isa = PBXBuildFile; fileRef = 941C16E7247CBFED00E2523F /* cryptostream_decrypt_parallel.c */; };
		941C17AA247CC02C00E2523F /* cryptostream_decrypt.c in Sources */ = {isa = PBXBuildFile; fileRef = 941C16CB247CBFEC00E2523F /* cryptostream_decrypt.c */; };
		941C17AB247CC02C00E2523F /* cryptostream_encrypt_feed.c in Sources */ = {isa = PBXBuildFile; fileRef = 941C16D8247CBFEC00E2523F /* cryptostream_encrypt_feed.c */; };
		941C17AC247CC02C00E2523F /* cryptostream_encrypt_parallel.c in Sources */ = {isa = PBXBuildFile; fileRef = 941C16C8247CBFEB00E2523F /* cryptostream_encrypt_parallel.c */; };
		941C17AD247CC02C00E2523F /* cryptostream_encrypt.c in Sources */ = {isa = PBXBuildFile; fileRef = 941C16E9247CBFEE00E2523F /* cryptostream_encrypt.c */; };
		941C17AE247CC02C00E2523F /* cryptostream_vector.c in Sources */ = {isa = PBXBuildFile; fileRef = 941C16BF247CBFEB00E2523F /* cryptostream_vector.c */; };
		941C17AF247CC02C00E2523F /* cryptostream.h in Sources */ = {isa = PBXBuildFile; fileRef = 941C16C9247CBFEC00E2523F /* cryptostream.h */; };
		941C17B0247CC02C00E2523F /* hypercounter.c in Sources */ = {isa = PBXBuildFile; fileRef = 941C16CC247CBFEC00E2523F /* hypercounter.c */; };
		941C17B1247CC02C00E2523F /* hypercounter.h in Sources */ = {isa = PBXBuildFile; fileRef = 941C16DD247CBFED00E2523F /* hypercounter.h */; };
		941C17B2247CC02C00E2523F /* log.c in Sources */ = {isa = PBXBuildFile; fileRef = 941C16C5247CBFEB00E2523F /* log.c */; };
		941C17B3247CC02C00E2523F /* log.h in Sources */ = {isa = PBXBuildFile; fileRef = 941C16CD247CBFEC00E2523F /* log.h */; };
		941C17B4247CC02C00E2523F /* math.h in Sources */ = {isa = PBXBuildFile; fileRef = 941C16BB247CBFEB00E2523F /* math.h */; };
		941C17B5247CC02C00E2523F /* nonce.c in Sources */ = {isa = PBXBuildFile; fileRef = 941C16E2247CBFED00E2523F /* nonce.c */; };
		941C17B6247CC02C00E2523F /* nonce.h in Sources */ = {isa = PBXBuildFile; fileRef = 941C16C6247CBFEB00E2523F /* nonce.h */; };
		941C17B7247CC02C00E2523F /* oops.c in Sources */ = {isa = PBXBuildFile; fileRef = 941C16EC247CBFEE00E2523F /* oops.c */; };
		941C17B8247CC02C00E2523F /* oops.h in Sources */ = {isa = PBXBuildFile; fileRef = 941C16C4247CBFEB00E2523F /* oops.h */; };
		941C17B9247CC02C00E2523F /* rwn.c in Sources */ = {isa = PBXBuildFile; fileRef = 941C16EA247CBFEE00E2523F /* rwn.c */; };
		941C17BA247CC02C00E2523F /* rwn.h in Sources */ = {isa = PBXBuildFile; fileRef = 941C16D5247CBFEC00E2523F /* rwn.h */; };
		941C17BB247CC02C00E2523F /* saltunnel_kx.c in Sources */ = {isa = PBXBuildFile; fileRef = 941C16BC247CBFEB00E2523F /* saltunnel_kx.c */; };
		941C17BC247CC02C00E2523F /* saltunnel_kx.h in Sources */ = {isa = PBXBuildFile; fileRef = 941C16C0247CBFEB00E2523F /* saltunnel_kx.h */; };
		941C17BD247CC02C00E2523F /* saltunnel_mx_parallel.c in Sources */ = {isa = PBXBuildFile; fileRef = 941C16BA247CBFEB00E2523F /* saltunnel_mx_parallel.c */; };
		941C17BE247CC02C00E2523F /* saltunnel_mx_serial.c in Sources */ = {isa = PBXBuildFile; fileRef = 941C16D9247CBFEC00E2523F /* saltunnel_mx_serial.c */; };
		941C17BF247CC02C00E2523F /* saltunnel_mx.h in Sources */ = {isa = PBXBuildFile; fileRef = 941C16C7247CBFEB00E2523F /* saltunnel_mx.h */; };
		941C17C0247CC02C00E2523F /* saltunnel_tcp_client_forwarder.c in Sources */ = {isa = PBXBuildFile; fileRef = 941C16D0247CBFEC00E2523F /* saltunnel_tcp_client_forwarder.c */; };
		941C17C1247CC02C00E2523F /* saltunnel_tcp_client_forwarder.h in Sources */ = {isa = PBXBuildFile; fileRef = 941C16C2247CBFEB00E2523F /* saltunnel_tcp_client_forwarder.h */; };
		941C17C2247CC02C00E2523F /* saltunnel_tcp_server_forwarder.c in Sources */ = {isa = PBXBuildFile; fileRef = 941C16DB247CBFED00E2523F /* saltunnel_tcp_server_forwarder.c */; };
		941C17C3247CC02C00E2523F /* saltunnel_tcp_server_forwarder.h in Sources */ = {isa = PBXBuildFile; fileRef = 941C16CF247CBFEC00E2523F /* saltunnel_tcp_server_forwarder.h */; };
		941C17C4247CC02C00E2523F /* saltunnel.c in Sources */ = {isa = PBXBuildFile; fileRef = 941C16D6247CBFEC00E2523F /* saltunnel.c */; };
		941C17C5247CC02C00E2523F /* saltunnel.h in Sources */ = {isa = PBXBuildFile; fileRef = 941C16E0247CBFED00E2523F /* saltunnel.h */; };
		941C17C6247CC02C00E2523F /* stopwatch.c in Sources */ = {isa = PBXBuildFile; fileRef = 941C16E5247CBFED00E2523F /* stopwatch.c */; };
		941C17C7247CC02C00E2523F /* stopwatch.h in Sources */ = {isa = PBXBuildFile; fileRef = 941C16BD247CBFEB00E2523F /* stopwatch.h */; };
		941C17C8247CC02C00E2523F /* tcpclient.c in Sources */ = {isa = PBXBuildFile; fileRef = 941C16BE247CBFEB00E2523F /* tcpclient.c */; };
		941C17C9247CC02C00E2523F /* tcpclient.h in Sources */ = {isa = PBXBuildFile; fileRef = 941C16DE247CBFED00E2523F /* tcpclient.h */; };
		941C17CA247CC02C00E2523F /* tcpserver.c in Sources */ = {isa = PBXBuildFile; fileRef = 941C16C3247CBFEB00E2523F /* tcpserver.c */; };
		941C17CB247CC02C00E2523F /* tcpserver.h in Sources */ = {isa = PBXBuildFile; fileRef = 941C16C1247CBFEB00E2523F /* tcpserver.h */; };
		941C17CC247CC02C00E2523F /* threadpool_barrier.c in Sources */ = {isa = PBXBuildFile; fileRef = 941C16E8247CBFED00E2523F /* threadpool_barrier.c */; };
		941C17CD247CC02C00E2523F /* threadpool_barrier.h in Sources */ = {isa = PBXBuildFile; fileRef = 941C16D2247CBFEC00E2523F /* threadpool_barrier.h */; };
		941C17CE247CC02C00E2523F /* threadpool.c in Sources */ = {isa = PBXBuildFile; fileRef = 941C16DF247CBFED00E2523F /* threadpool.c */; };
		941C17CF247CC02C00E2523F /* threadpool.h in Sources */ = {isa = PBXBuildFile; fileRef = 941C16E4247CBFED00E2523F /* threadpool.h */; };
		941C17D0247CC02C00E2523F /* uint16.c in Sources */ = {isa = PBXBuildFile; fileRef = 941C16DC247CBFED00E2523F /* uint16.c */; };
		941C17D1247CC02C00E2523F /* uint16.h in Sources */ = {isa = PBXBuildFile; fileRef = 941C16E6247CBFED00E2523F /* uint16.h */; };
		941C17D2247CC02C00E2523F /* uint32.c in Sources */ = {isa = PBXBuildFile; fileRef = 941C16E1247CBFED00E2523F /* uint32.c */; };
		941C17D3247CC02C00E2523F /* uint32.h in Sources */ = {isa = PBXBuildFile; fileRef = 941C16DA247CBFEC00E2523F /* uint32.h */; };
		941C17D4247CC02C00E2523F /* uint64.c in Sources */ = {isa = PBXBuildFile; fileRef = 941C16ED247CBFEE00E2523F /* uint64.c */; };
		941C17D5247CC02C00E2523F /* uint64.h in Sources */ = {isa = PBXBuildFile; fileRef = 941C16E3247CBFED00E2523F /* uint64.h */; };
		941C17D6247CC03300E2523F /* cache.test.c in Sources */ = {isa = PBXBuildFile; fileRef = 941C178F247CC02000E2523F /* cache.test.c */; };
		941C17D7247CC03300E2523F /* cache.test.h in Sources */ = {isa = PBXBuildFile; fileRef = 941C178D247CC02000E2523F /* cache.test.h */; };
		941C17D8247CC03300E2523F /* chaos.c in Sources */ = {isa = PBXBuildFile; fileRef = 941C1787247CC02000E2523F /* chaos.c */; };
		941C17D9247CC03300E2523F /* chaos.h in Sources */ = {isa = PBXBuildFile; fileRef = 941C1785247CC02000E2523F /* chaos.h */; };
		941C17DA247CC03300E2523F /* cryptostream_vector.test.c in Sources */ = {isa = PBXBuildFile; fileRef = 941C178A247CC02000E2523F /* cryptostream_vector.test.c */; };
		941C17DB247CC03300E2523F /* cryptostream_vector.test.h in Sources */ = {isa = PBXBuildFile; fileRef = 941C178E247CC02000E2523F /* cryptostream_vector.test.h */; };
		941C17DC247CC03300E2523F /* hypercounter.test.c in Sources */ = {isa = PBXBuildFile; fileRef = 941C1786247CC02000E2523F /* hypercounter.test.c */; };
		941C17DD247CC03300E2523F /* hypercounter.test.h in Sources */ = {isa = PBXBuildFile; fileRef = 941C178B247CC02000E2523F /* hypercounter.test.h */; };
		941C17DE247CC03300E2523F /* log.test.c in Sources */ = {isa = PBXBuildFile; fileRef = 941C1795247CC02000E2523F /* log.test.c */; };
		941C17DF247CC03300E2523F /* log.test.h in Sources */ = {isa = PBXBuildFile; fileRef = 941C1790247CC02000E2523F /* log.test.h */; };
		941C17E0247CC03300E2523F /* nonce.test.c in Sources */ = {isa = PBXBuildFile; fileRef = 941C1797247CC02000E2523F /* nonce.test.c */; };
		941C17E1247CC03300E2523F /* nonce.test.h in Sources */ = {isa = PBXBuildFile; fileRef = 941C1796247CC02000E2523F /* nonce.test.h */; };
		941C17E2247CC03300E2523F /* rwn.test.c in Sources */ = {isa = PBXBuildFile; fileRef = 941C1784247CC02000E2523F /* rwn.test.c */; };
		941C17E3247CC03300E2523F /* rwn.test.h in Sources */ = {isa = PBXBuildFile; fileRef = 941C1788247CC02000E2523F /* rwn.test.h */; };
		941C17E4247CC03300E2523F /* saltunnel_tcp_forwarder.test.c in Sources */ = {isa = PBXBuildFile; fileRef = 941C178C247CC02000E2523F /* saltunnel_tcp_forwarder.test.c */; };
		941C17E5247CC03300E2523F /* saltunnel_tcp_forwarder.test.h in Sources */ = {isa = PBXBuildFile; fileRef = 941C1792247CC02000E2523F /* saltunnel_tcp_forwarder.test.h */; };
		941C17E6247CC03300E2523F /* saltunnel.test.c in Sources */ = {isa = PBXBuildFile; fileRef = 941C1794247CC02000E2523F /* saltunnel.test.c */; };
		941C17E7247CC03300E2523F /* saltunnel.test.h in Sources */ = {isa = PBXBuildFile; fileRef = 941C1791247CC02000E2523F /* saltunnel.test.h */; };
		941C17E8247CC03300E2523F /* tcp.test.c in Sources */ = {isa = PBXBuildFile; fileRef = 941C1793247CC02000E2523F /* tcp.test.c */; };
		941C17E9247CC03300E2523F /* tcp.test.h in Sources */ = {isa = PBXBuildFile; fileRef = 941C1789247CC02000E2523F /* tcp.test.h */; };
		941C17EA247CC04A00E2523F /* saltunnel-test.c in Sources */ = {isa = PBXBuildFile; fileRef = 941C1667247CBF6100E2523F /* saltunnel-test.c */; };
/* End PBXBuildFile section */

/* Begin PBXCopyFilesBuildPhase section */
		94CE75AA23E5284C00A84ABC /* CopyFiles */ = {
			isa = PBXCopyFilesBuildPhase;
			buildActionMask = 2147483647;
			dstPath = /usr/share/man/man1/;
			dstSubfolderSpec = 0;
			files = (
			);
			runOnlyForDeploymentPostprocessing = 1;
		};
		94ED0381240CAF9B0093920F /* CopyFiles */ = {
			isa = PBXCopyFilesBuildPhase;
			buildActionMask = 2147483647;
			dstPath = /usr/share/man/man1/;
			dstSubfolderSpec = 0;
			files = (
			);
			runOnlyForDeploymentPostprocessing = 1;
		};
		94ED03C4240CB2230093920F /* CopyFiles */ = {
			isa = PBXCopyFilesBuildPhase;
			buildActionMask = 2147483647;
			dstPath = /usr/share/man/man1/;
			dstSubfolderSpec = 0;
			files = (
			);
			runOnlyForDeploymentPostprocessing = 1;
		};
/* End PBXCopyFilesBuildPhase section */

/* Begin PBXFileReference section */
		941C1667247CBF6100E2523F /* saltunnel-test.c */ = {isa = PBXFileReference; fileEncoding = 4; lastKnownFileType = sourcecode.c.c; path = "saltunnel-test.c"; sourceTree = "<group>"; };
		941C16BA247CBFEB00E2523F /* saltunnel_mx_parallel.c */ = {isa = PBXFileReference; fileEncoding = 4; lastKnownFileType = sourcecode.c.c; path = saltunnel_mx_parallel.c; sourceTree = "<group>"; };
		941C16BB247CBFEB00E2523F /* math.h */ = {isa = PBXFileReference; fileEncoding = 4; lastKnownFileType = sourcecode.c.h; path = math.h; sourceTree = "<group>"; };
		941C16BC247CBFEB00E2523F /* saltunnel_kx.c */ = {isa = PBXFileReference; fileEncoding = 4; lastKnownFileType = sourcecode.c.c; path = saltunnel_kx.c; sourceTree = "<group>"; };
		941C16BD247CBFEB00E2523F /* stopwatch.h */ = {isa = PBXFileReference; fileEncoding = 4; lastKnownFileType = sourcecode.c.h; path = stopwatch.h; sourceTree = "<group>"; };
		941C16BE247CBFEB00E2523F /* tcpclient.c */ = {isa = PBXFileReference; fileEncoding = 4; lastKnownFileType = sourcecode.c.c; path = tcpclient.c; sourceTree = "<group>"; };
		941C16BF247CBFEB00E2523F /* cryptostream_vector.c */ = {isa = PBXFileReference; fileEncoding = 4; lastKnownFileType = sourcecode.c.c; path = cryptostream_vector.c; sourceTree = "<group>"; };
		941C16C0247CBFEB00E2523F /* saltunnel_kx.h */ = {isa = PBXFileReference; fileEncoding = 4; lastKnownFileType = sourcecode.c.h; path = saltunnel_kx.h; sourceTree = "<group>"; };
		941C16C1247CBFEB00E2523F /* tcpserver.h */ = {isa = PBXFileReference; fileEncoding = 4; lastKnownFileType = sourcecode.c.h; path = tcpserver.h; sourceTree = "<group>"; };
		941C16C2247CBFEB00E2523F /* saltunnel_tcp_client_forwarder.h */ = {isa = PBXFileReference; fileEncoding = 4; lastKnownFileType = sourcecode.c.h; path = saltunnel_tcp_client_forwarder.h; sourceTree = "<group>"; };
		941C16C3247CBFEB00E2523F /* tcpserver.c */ = {isa = PBXFileReference; fileEncoding = 4; lastKnownFileType = sourcecode.c.c; path = tcpserver.c; sourceTree = "<group>"; };
		941C16C4247CBFEB00E2523F /* oops.h */ = {isa = PBXFileReference; fileEncoding = 4; lastKnownFileType = sourcecode.c.h; path = oops.h; sourceTree = "<group>"; };
		941C16C5247CBFEB00E2523F /* log.c */ = {isa = PBXFileReference; fileEncoding = 4; lastKnownFileType = sourcecode.c.c; path = log.c; sourceTree = "<group>"; };
		941C16C6247CBFEB00E2523F /* nonce.h */ = {isa = PBXFileReference; fileEncoding = 4; lastKnownFileType = sourcecode.c.h; path = nonce.h; sourceTree = "<group>"; };
		941C16C7247CBFEB00E2523F /* saltunnel_mx.h */ = {isa = PBXFileReference; fileEncoding = 4; lastKnownFileType = sourcecode.c.h; path = saltunnel_mx.h; sourceTree = "<group>"; };
		941C16C8247CBFEB00E2523F /* cryptostream_encrypt_parallel.c */ = {isa = PBXFileReference; fileEncoding = 4; lastKnownFileType = sourcecode.c.c; path = cryptostream_encrypt_parallel.c; sourceTree = "<group>"; };
		941C16C9247CBFEC00E2523F /* cryptostream.h */ = {isa = PBXFileReference; fileEncoding = 4; lastKnownFileType = sourcecode.c.h; path = cryptostream.h; sourceTree = "<group>"; };
		941C16CA247CBFEC00E2523F /* config.c */ = {isa = PBXFileReference; fileEncoding = 4; lastKnownFileType = sourcecode.c.c; path = config.c; sourceTree = "<group>"; };
		941C16CB247CBFEC00E2523F /* cryptostream_decrypt.c */ = {isa = PBXFileReference; fileEncoding = 4; lastKnownFileType = sourcecode.c.c; path = cryptostream_decrypt.c; sourceTree = "<group>"; };
		941C16CC247CBFEC00E2523F /* hypercounter.c */ = {isa = PBXFileReference; fileEncoding = 4; lastKnownFileType = sourcecode.c.c; path = hypercounter.c; sourceTree = "<group>"; };
		941C16CD247CBFEC00E2523F /* log.h */ = {isa = PBXFileReference; fileEncoding = 4; lastKnownFileType = sourcecode.c.h; path = log.h; sourceTree = "<group>"; };
		941C16CE247CBFEC00E2523F /* cache.h */ = {isa = PBXFileReference; fileEncoding = 4; lastKnownFileType = sourcecode.c.h; path = cache.h; sourceTree = "<group>"; };
		941C16CF247CBFEC00E2523F /* saltunnel_tcp_server_forwarder.h */ = {isa = PBXFileReference; fileEncoding = 4; lastKnownFileType = sourcecode.c.h; path = saltunnel_tcp_server_forwarder.h; sourceTree = "<group>"; };
		941C16D0247CBFEC00E2523F /* saltunnel_tcp_client_forwarder.c */ = {isa = PBXFileReference; fileEncoding = 4; lastKnownFileType = sourcecode.c.c; path = saltunnel_tcp_client_forwarder.c; sourceTree = "<group>"; };
		941C16D1247CBFEC00E2523F /* cryptostream_decrypt_feed.c */ = {isa = PBXFileReference; fileEncoding = 4; lastKnownFileType = sourcecode.c.c; path = cryptostream_decrypt_feed.c; sourceTree = "<group>"; };
		941C16D2247CBFEC00E2523F /* threadpool_barrier.h */ = {isa = PBXFileReference; fileEncoding = 4; lastKnownFileType = sourcecode.c.h; path = threadpool_barrier.h; sourceTree = "<group>"; };
		941C16D3247CBFEC00E2523F /* crypto_secretbox_salsa20poly1305.h */ = {isa = PBXFileReference; fileEncoding = 4; lastKnownFileType = sourcecode.c.h; path = crypto_secretbox_salsa20poly1305.h; sourceTree = "<group>"; };
		941C16D4247CBFEC00E2523F /* config.h */ = {isa = PBXFileReference; fileEncoding = 4; lastKnownFileType = sourcecode.c.h; path = config.h; sourceTree = "<group>"; };
		941C16D5247CBFEC00E2523F /* rwn.h */ = {isa = PBXFileReference; fileEncoding = 4; lastKnownFileType = sourcecode.c.h; path = rwn.h; sourceTree = "<group>"; };
		941C16D6247CBFEC00E2523F /* saltunnel.c */ = {isa = PBXFileReference; fileEncoding = 4; lastKnownFileType = sourcecode.c.c; path = saltunnel.c; sourceTree = "<group>"; };
		941C16D7247CBFEC00E2523F /* crypto_secretbox_salsa20poly1305.c */ = {isa = PBXFileReference; fileEncoding = 4; lastKnownFileType = sourcecode.c.c; path = crypto_secretbox_salsa20poly1305.c; sourceTree = "<group>"; };
		941C16D8247CBFEC00E2523F /* cryptostream_encrypt_feed.c */ = {isa = PBXFileReference; fileEncoding = 4; lastKnownFileType = sourcecode.c.c; path = cryptostream_encrypt_feed.c; sourceTree = "<group>"; };
		941C16D9247CBFEC00E2523F /* saltunnel_mx_serial.c */ = {isa = PBXFileReference; fileEncoding = 4; lastKnownFileType = sourcecode.c.c; path = saltunnel_mx_serial.c; sourceTree = "<group>"; };
		941C16DA247CBFEC00E2523F /* uint32.h */ = {isa = PBXFileReference; fileEncoding = 4; lastKnownFileType = sourcecode.c.h; path = uint32.h; sourceTree = "<group>"; };
		941C16DB247CBFED00E2523F /* saltunnel_tcp_server_forwarder.c */ = {isa = PBXFileReference; fileEncoding = 4; lastKnownFileType = sourcecode.c.c; path = saltunnel_tcp_server_forwarder.c; sourceTree = "<group>"; };
		941C16DC247CBFED00E2523F /* uint16.c */ = {isa = PBXFileReference; fileEncoding = 4; lastKnownFileType = sourcecode.c.c; path = uint16.c; sourceTree = "<group>"; };
		941C16DD247CBFED00E2523F /* hypercounter.h */ = {isa = PBXFileReference; fileEncoding = 4; lastKnownFileType = sourcecode.c.h; path = hypercounter.h; sourceTree = "<group>"; };
		941C16DE247CBFED00E2523F /* tcpclient.h */ = {isa = PBXFileReference; fileEncoding = 4; lastKnownFileType = sourcecode.c.h; path = tcpclient.h; sourceTree = "<group>"; };
		941C16DF247CBFED00E2523F /* threadpool.c */ = {isa = PBXFileReference; fileEncoding = 4; lastKnownFileType = sourcecode.c.c; path = threadpool.c; sourceTree = "<group>"; };
		941C16E0247CBFED00E2523F /* saltunnel.h */ = {isa = PBXFileReference; fileEncoding = 4; lastKnownFileType = sourcecode.c.h; path = saltunnel.h; sourceTree = "<group>"; };
		941C16E1247CBFED00E2523F /* uint32.c */ = {isa = PBXFileReference; fileEncoding = 4; lastKnownFileType = sourcecode.c.c; path = uint32.c; sourceTree = "<group>"; };
		941C16E2247CBFED00E2523F /* nonce.c */ = {isa = PBXFileReference; fileEncoding = 4; lastKnownFileType = sourcecode.c.c; path = nonce.c; sourceTree = "<group>"; };
		941C16E3247CBFED00E2523F /* uint64.h */ = {isa = PBXFileReference; fileEncoding = 4; lastKnownFileType = sourcecode.c.h; path = uint64.h; sourceTree = "<group>"; };
		941C16E4247CBFED00E2523F /* threadpool.h */ = {isa = PBXFileReference; fileEncoding = 4; lastKnownFileType = sourcecode.c.h; path = threadpool.h; sourceTree = "<group>"; };
		941C16E5247CBFED00E2523F /* stopwatch.c */ = {isa = PBXFileReference; fileEncoding = 4; lastKnownFileType = sourcecode.c.c; path = stopwatch.c; sourceTree = "<group>"; };
		941C16E6247CBFED00E2523F /* uint16.h */ = {isa = PBXFileReference; fileEncoding = 4; lastKnownFileType = sourcecode.c.h; path = uint16.h; sourceTree = "<group>"; };
		941C16E7247CBFED00E2523F /* cryptostream_decrypt_parallel.c */ = {isa = PBXFileReference; fileEncoding = 4; lastKnownFileType = sourcecode.c.c; path = cryptostream_decrypt_parallel.c; sourceTree = "<group>"; };
		941C16E8247CBFED00E2523F /* threadpool_barrier.c */ = {isa = PBXFileReference; fileEncoding = 4; lastKnownFileType = sourcecode.c.c; path = threadpool_barrier.c; sourceTree = "<group>"; };
		941C16E9247CBFEE00E2523F /* cryptostream_encrypt.c */ = {isa = PBXFileReference; fileEncoding = 4; lastKnownFileType = sourcecode.c.c; path = cryptostream_encrypt.c; sourceTree = "<group>"; };
		941C16EA247CBFEE00E2523F /* rwn.c */ = {isa = PBXFileReference; fileEncoding = 4; lastKnownFileType = sourcecode.c.c; path = rwn.c; sourceTree = "<group>"; };
		941C16EB247CBFEE00E2523F /* cache.c */ = {isa = PBXFileReference; fileEncoding = 4; lastKnownFileType = sourcecode.c.c; path = cache.c; sourceTree = "<group>"; };
		941C16EC247CBFEE00E2523F /* oops.c */ = {isa = PBXFileReference; fileEncoding = 4; lastKnownFileType = sourcecode.c.c; path = oops.c; sourceTree = "<group>"; };
		941C16ED247CBFEE00E2523F /* uint64.c */ = {isa = PBXFileReference; fileEncoding = 4; lastKnownFileType = sourcecode.c.c; path = uint64.c; sourceTree = "<group>"; };
		941C1784247CC02000E2523F /* rwn.test.c */ = {isa = PBXFileReference; fileEncoding = 4; lastKnownFileType = sourcecode.c.c; path = rwn.test.c; sourceTree = "<group>"; };
		941C1785247CC02000E2523F /* chaos.h */ = {isa = PBXFileReference; fileEncoding = 4; lastKnownFileType = sourcecode.c.h; path = chaos.h; sourceTree = "<group>"; };
		941C1786247CC02000E2523F /* hypercounter.test.c */ = {isa = PBXFileReference; fileEncoding = 4; lastKnownFileType = sourcecode.c.c; path = hypercounter.test.c; sourceTree = "<group>"; };
		941C1787247CC02000E2523F /* chaos.c */ = {isa = PBXFileReference; fileEncoding = 4; lastKnownFileType = sourcecode.c.c; path = chaos.c; sourceTree = "<group>"; };
		941C1788247CC02000E2523F /* rwn.test.h */ = {isa = PBXFileReference; fileEncoding = 4; lastKnownFileType = sourcecode.c.h; path = rwn.test.h; sourceTree = "<group>"; };
		941C1789247CC02000E2523F /* tcp.test.h */ = {isa = PBXFileReference; fileEncoding = 4; lastKnownFileType = sourcecode.c.h; path = tcp.test.h; sourceTree = "<group>"; };
		941C178A247CC02000E2523F /* cryptostream_vector.test.c */ = {isa = PBXFileReference; fileEncoding = 4; lastKnownFileType = sourcecode.c.c; path = cryptostream_vector.test.c; sourceTree = "<group>"; };
		941C178B247CC02000E2523F /* hypercounter.test.h */ = {isa = PBXFileReference; fileEncoding = 4; lastKnownFileType = sourcecode.c.h; path = hypercounter.test.h; sourceTree = "<group>"; };
		941C178C247CC02000E2523F /* saltunnel_tcp_forwarder.test.c */ = {isa = PBXFileReference; fileEncoding = 4; lastKnownFileType = sourcecode.c.c; path = saltunnel_tcp_forwarder.test.c; sourceTree = "<group>"; };
		941C178D247CC02000E2523F /* cache.test.h */ = {isa = PBXFileReference; fileEncoding = 4; lastKnownFileType = sourcecode.c.h; path = cache.test.h; sourceTree = "<group>"; };
		941C178E247CC02000E2523F /* cryptostream_vector.test.h */ = {isa = PBXFileReference; fileEncoding = 4; lastKnownFileType = sourcecode.c.h; path = cryptostream_vector.test.h; sourceTree = "<group>"; };
		941C178F247CC02000E2523F /* cache.test.c */ = {isa = PBXFileReference; fileEncoding = 4; lastKnownFileType = sourcecode.c.c; path = cache.test.c; sourceTree = "<group>"; };
		941C1790247CC02000E2523F /* log.test.h */ = {isa = PBXFileReference; fileEncoding = 4; lastKnownFileType = sourcecode.c.h; path = log.test.h; sourceTree = "<group>"; };
		941C1791247CC02000E2523F /* saltunnel.test.h */ = {isa = PBXFileReference; fileEncoding = 4; lastKnownFileType = sourcecode.c.h; path = saltunnel.test.h; sourceTree = "<group>"; };
		941C1792247CC02000E2523F /* saltunnel_tcp_forwarder.test.h */ = {isa = PBXFileReference; fileEncoding = 4; lastKnownFileType = sourcecode.c.h; path = saltunnel_tcp_forwarder.test.h; sourceTree = "<group>"; };
		941C1793247CC02000E2523F /* tcp.test.c */ = {isa = PBXFileReference; fileEncoding = 4; lastKnownFileType = sourcecode.c.c; path = tcp.test.c; sourceTree = "<group>"; };
		941C1794247CC02000E2523F /* saltunnel.test.c */ = {isa = PBXFileReference; fileEncoding = 4; lastKnownFileType = sourcecode.c.c; path = saltunnel.test.c; sourceTree = "<group>"; };
		941C1795247CC02000E2523F /* log.test.c */ = {isa = PBXFileReference; fileEncoding = 4; lastKnownFileType = sourcecode.c.c; path = log.test.c; sourceTree = "<group>"; };
		941C1796247CC02000E2523F /* nonce.test.h */ = {isa = PBXFileReference; fileEncoding = 4; lastKnownFileType = sourcecode.c.h; path = nonce.test.h; sourceTree = "<group>"; };
		941C1797247CC02000E2523F /* nonce.test.c */ = {isa = PBXFileReference; fileEncoding = 4; lastKnownFileType = sourcecode.c.c; path = nonce.test.c; sourceTree = "<group>"; };
		9490E23F246FA9C60012A652 /* README.md */ = {isa = PBXFileReference; lastKnownFileType = net.daringfireball.markdown; path = README.md; sourceTree = "<group>"; };
		94CE75AC23E5284C00A84ABC /* saltunnel-test */ = {isa = PBXFileReference; explicitFileType = "compiled.mach-o.executable"; includeInIndex = 0; path = "saltunnel-test"; sourceTree = BUILT_PRODUCTS_DIR; };
		94ED0383240CAF9B0093920F /* saltunnel-client */ = {isa = PBXFileReference; explicitFileType = "compiled.mach-o.executable"; includeInIndex = 0; path = "saltunnel-client"; sourceTree = BUILT_PRODUCTS_DIR; };
		94ED03C6240CB2230093920F /* saltunnel-server */ = {isa = PBXFileReference; explicitFileType = "compiled.mach-o.executable"; includeInIndex = 0; path = "saltunnel-server"; sourceTree = BUILT_PRODUCTS_DIR; };
/* End PBXFileReference section */

/* Begin PBXFrameworksBuildPhase section */
		94CE75A923E5284C00A84ABC /* Frameworks */ = {
			isa = PBXFrameworksBuildPhase;
			buildActionMask = 2147483647;
			files = (
			);
			runOnlyForDeploymentPostprocessing = 0;
		};
		94ED0380240CAF9B0093920F /* Frameworks */ = {
			isa = PBXFrameworksBuildPhase;
			buildActionMask = 2147483647;
			files = (
			);
			runOnlyForDeploymentPostprocessing = 0;
		};
		94ED03C3240CB2230093920F /* Frameworks */ = {
			isa = PBXFrameworksBuildPhase;
			buildActionMask = 2147483647;
			files = (
			);
			runOnlyForDeploymentPostprocessing = 0;
		};
/* End PBXFrameworksBuildPhase section */

/* Begin PBXGroup section */
		9490E23C246FA86D0012A652 /* test */ = {
			isa = PBXGroup;
			children = (
				941C178F247CC02000E2523F /* cache.test.c */,
				941C178D247CC02000E2523F /* cache.test.h */,
				941C1787247CC02000E2523F /* chaos.c */,
				941C1785247CC02000E2523F /* chaos.h */,
				941C178A247CC02000E2523F /* cryptostream_vector.test.c */,
				941C178E247CC02000E2523F /* cryptostream_vector.test.h */,
				941C1786247CC02000E2523F /* hypercounter.test.c */,
				941C178B247CC02000E2523F /* hypercounter.test.h */,
				941C1795247CC02000E2523F /* log.test.c */,
				941C1790247CC02000E2523F /* log.test.h */,
				941C1797247CC02000E2523F /* nonce.test.c */,
				941C1796247CC02000E2523F /* nonce.test.h */,
				941C1784247CC02000E2523F /* rwn.test.c */,
				941C1788247CC02000E2523F /* rwn.test.h */,
				941C178C247CC02000E2523F /* saltunnel_tcp_forwarder.test.c */,
				941C1792247CC02000E2523F /* saltunnel_tcp_forwarder.test.h */,
				941C1794247CC02000E2523F /* saltunnel.test.c */,
				941C1791247CC02000E2523F /* saltunnel.test.h */,
				941C1793247CC02000E2523F /* tcp.test.c */,
				941C1789247CC02000E2523F /* tcp.test.h */,
			);
			path = test;
			sourceTree = "<group>";
		};
		9490E23D246FA8800012A652 /* src */ = {
			isa = PBXGroup;
			children = (
				941C16EB247CBFEE00E2523F /* cache.c */,
				941C16CE247CBFEC00E2523F /* cache.h */,
				941C16CA247CBFEC00E2523F /* config.c */,
				941C16D4247CBFEC00E2523F /* config.h */,
				941C16D7247CBFEC00E2523F /* crypto_secretbox_salsa20poly1305.c */,
				941C16D3247CBFEC00E2523F /* crypto_secretbox_salsa20poly1305.h */,
				941C16D1247CBFEC00E2523F /* cryptostream_decrypt_feed.c */,
				941C16E7247CBFED00E2523F /* cryptostream_decrypt_parallel.c */,
				941C16CB247CBFEC00E2523F /* cryptostream_decrypt.c */,
				941C16D8247CBFEC00E2523F /* cryptostream_encrypt_feed.c */,
				941C16C8247CBFEB00E2523F /* cryptostream_encrypt_parallel.c */,
				941C16E9247CBFEE00E2523F /* cryptostream_encrypt.c */,
				941C16BF247CBFEB00E2523F /* cryptostream_vector.c */,
				941C16C9247CBFEC00E2523F /* cryptostream.h */,
				941C16CC247CBFEC00E2523F /* hypercounter.c */,
				941C16DD247CBFED00E2523F /* hypercounter.h */,
				941C16C5247CBFEB00E2523F /* log.c */,
				941C16CD247CBFEC00E2523F /* log.h */,
				941C16BB247CBFEB00E2523F /* math.h */,
				941C16E2247CBFED00E2523F /* nonce.c */,
				941C16C6247CBFEB00E2523F /* nonce.h */,
				941C16EC247CBFEE00E2523F /* oops.c */,
				941C16C4247CBFEB00E2523F /* oops.h */,
				941C16EA247CBFEE00E2523F /* rwn.c */,
				941C16D5247CBFEC00E2523F /* rwn.h */,
				941C16BC247CBFEB00E2523F /* saltunnel_kx.c */,
				941C16C0247CBFEB00E2523F /* saltunnel_kx.h */,
				941C16BA247CBFEB00E2523F /* saltunnel_mx_parallel.c */,
				941C16D9247CBFEC00E2523F /* saltunnel_mx_serial.c */,
				941C16C7247CBFEB00E2523F /* saltunnel_mx.h */,
				941C16D0247CBFEC00E2523F /* saltunnel_tcp_client_forwarder.c */,
				941C16C2247CBFEB00E2523F /* saltunnel_tcp_client_forwarder.h */,
				941C16DB247CBFED00E2523F /* saltunnel_tcp_server_forwarder.c */,
				941C16CF247CBFEC00E2523F /* saltunnel_tcp_server_forwarder.h */,
				941C16D6247CBFEC00E2523F /* saltunnel.c */,
				941C16E0247CBFED00E2523F /* saltunnel.h */,
				941C16E5247CBFED00E2523F /* stopwatch.c */,
				941C16BD247CBFEB00E2523F /* stopwatch.h */,
				941C16BE247CBFEB00E2523F /* tcpclient.c */,
				941C16DE247CBFED00E2523F /* tcpclient.h */,
				941C16C3247CBFEB00E2523F /* tcpserver.c */,
				941C16C1247CBFEB00E2523F /* tcpserver.h */,
				941C16E8247CBFED00E2523F /* threadpool_barrier.c */,
				941C16D2247CBFEC00E2523F /* threadpool_barrier.h */,
				941C16DF247CBFED00E2523F /* threadpool.c */,
				941C16E4247CBFED00E2523F /* threadpool.h */,
				941C16DC247CBFED00E2523F /* uint16.c */,
				941C16E6247CBFED00E2523F /* uint16.h */,
				941C16E1247CBFED00E2523F /* uint32.c */,
				941C16DA247CBFEC00E2523F /* uint32.h */,
				941C16ED247CBFEE00E2523F /* uint64.c */,
				941C16E3247CBFED00E2523F /* uint64.h */,
			);
			path = src;
			sourceTree = "<group>";
		};
		94CE75A323E5284C00A84ABC = {
			isa = PBXGroup;
			children = (
				94CE75AE23E5284C00A84ABC /* saltunnel */,
				94CE75AD23E5284C00A84ABC /* Products */,
			);
			sourceTree = "<group>";
		};
		94CE75AD23E5284C00A84ABC /* Products */ = {
			isa = PBXGroup;
			children = (
				94CE75AC23E5284C00A84ABC /* saltunnel-test */,
				94ED0383240CAF9B0093920F /* saltunnel-client */,
				94ED03C6240CB2230093920F /* saltunnel-server */,
			);
			name = Products;
			sourceTree = "<group>";
		};
		94CE75AE23E5284C00A84ABC /* saltunnel */ = {
			isa = PBXGroup;
			children = (
				9490E23D246FA8800012A652 /* src */,
				9490E23C246FA86D0012A652 /* test */,
				941C1667247CBF6100E2523F /* saltunnel-test.c */,
				9490E23F246FA9C60012A652 /* README.md */,
			);
			path = saltunnel;
			sourceTree = "<group>";
		};
/* End PBXGroup section */

/* Begin PBXNativeTarget section */
		94CE75AB23E5284C00A84ABC /* saltunnel-test */ = {
			isa = PBXNativeTarget;
			buildConfigurationList = 94CE75B323E5284C00A84ABC /* Build configuration list for PBXNativeTarget "saltunnel-test" */;
			buildPhases = (
				94CE75A823E5284C00A84ABC /* Sources */,
				94CE75A923E5284C00A84ABC /* Frameworks */,
				94CE75AA23E5284C00A84ABC /* CopyFiles */,
			);
			buildRules = (
			);
			dependencies = (
			);
			name = "saltunnel-test";
			productName = saltunnel;
			productReference = 94CE75AC23E5284C00A84ABC /* saltunnel-test */;
			productType = "com.apple.product-type.tool";
		};
		94ED0382240CAF9B0093920F /* saltunnel-client */ = {
			isa = PBXNativeTarget;
			buildConfigurationList = 94ED0389240CAF9B0093920F /* Build configuration list for PBXNativeTarget "saltunnel-client" */;
			buildPhases = (
				94ED037F240CAF9B0093920F /* Sources */,
				94ED0380240CAF9B0093920F /* Frameworks */,
				94ED0381240CAF9B0093920F /* CopyFiles */,
			);
			buildRules = (
			);
			dependencies = (
			);
			name = "saltunnel-client";
			productName = "saltunnel-client";
			productReference = 94ED0383240CAF9B0093920F /* saltunnel-client */;
			productType = "com.apple.product-type.tool";
		};
		94ED03C5240CB2230093920F /* saltunnel-server */ = {
			isa = PBXNativeTarget;
			buildConfigurationList = 94ED03CA240CB2230093920F /* Build configuration list for PBXNativeTarget "saltunnel-server" */;
			buildPhases = (
				94ED03C2240CB2230093920F /* Sources */,
				94ED03C3240CB2230093920F /* Frameworks */,
				94ED03C4240CB2230093920F /* CopyFiles */,
			);
			buildRules = (
			);
			dependencies = (
			);
			name = "saltunnel-server";
			productName = "saltunnel-server";
			productReference = 94ED03C6240CB2230093920F /* saltunnel-server */;
			productType = "com.apple.product-type.tool";
		};
/* End PBXNativeTarget section */

/* Begin PBXProject section */
		94CE75A423E5284C00A84ABC /* Project object */ = {
			isa = PBXProject;
			attributes = {
				LastUpgradeCheck = 1130;
				ORGANIZATIONNAME = "Jay Sullivan";
				TargetAttributes = {
					94CE75AB23E5284C00A84ABC = {
						CreatedOnToolsVersion = 11.3;
					};
					94ED0382240CAF9B0093920F = {
						CreatedOnToolsVersion = 11.3;
					};
					94ED03C5240CB2230093920F = {
						CreatedOnToolsVersion = 11.3;
					};
				};
			};
			buildConfigurationList = 94CE75A723E5284C00A84ABC /* Build configuration list for PBXProject "saltunnel" */;
			compatibilityVersion = "Xcode 9.3";
			developmentRegion = en;
			hasScannedForEncodings = 0;
			knownRegions = (
				en,
				Base,
			);
			mainGroup = 94CE75A323E5284C00A84ABC;
			productRefGroup = 94CE75AD23E5284C00A84ABC /* Products */;
			projectDirPath = "";
			projectRoot = "";
			targets = (
				94CE75AB23E5284C00A84ABC /* saltunnel-test */,
				94ED0382240CAF9B0093920F /* saltunnel-client */,
				94ED03C5240CB2230093920F /* saltunnel-server */,
			);
		};
/* End PBXProject section */

/* Begin PBXSourcesBuildPhase section */
		94CE75A823E5284C00A84ABC /* Sources */ = {
			isa = PBXSourcesBuildPhase;
			buildActionMask = 2147483647;
			files = (
				941C17EA247CC04A00E2523F /* saltunnel-test.c in Sources */,
				941C17D6247CC03300E2523F /* cache.test.c in Sources */,
				941C17D7247CC03300E2523F /* cache.test.h in Sources */,
				941C17D8247CC03300E2523F /* chaos.c in Sources */,
				941C17D9247CC03300E2523F /* chaos.h in Sources */,
				941C17DA247CC03300E2523F /* cryptostream_vector.test.c in Sources */,
				941C17DB247CC03300E2523F /* cryptostream_vector.test.h in Sources */,
				941C17DC247CC03300E2523F /* hypercounter.test.c in Sources */,
				941C17DD247CC03300E2523F /* hypercounter.test.h in Sources */,
				941C17DE247CC03300E2523F /* log.test.c in Sources */,
				941C17DF247CC03300E2523F /* log.test.h in Sources */,
				941C17E0247CC03300E2523F /* nonce.test.c in Sources */,
				941C17E1247CC03300E2523F /* nonce.test.h in Sources */,
				941C17E2247CC03300E2523F /* rwn.test.c in Sources */,
				941C17E3247CC03300E2523F /* rwn.test.h in Sources */,
				941C17E4247CC03300E2523F /* saltunnel_tcp_forwarder.test.c in Sources */,
				941C17E5247CC03300E2523F /* saltunnel_tcp_forwarder.test.h in Sources */,
				941C17E6247CC03300E2523F /* saltunnel.test.c in Sources */,
				941C17E7247CC03300E2523F /* saltunnel.test.h in Sources */,
				941C17E8247CC03300E2523F /* tcp.test.c in Sources */,
				941C17E9247CC03300E2523F /* tcp.test.h in Sources */,
				941C17A2247CC02C00E2523F /* cache.c in Sources */,
				941C17A3247CC02C00E2523F /* cache.h in Sources */,
				941C17A4247CC02C00E2523F /* config.c in Sources */,
				941C17A5247CC02C00E2523F /* config.h in Sources */,
				941C17A6247CC02C00E2523F /* crypto_secretbox_salsa20poly1305.c in Sources */,
				941C17A7247CC02C00E2523F /* crypto_secretbox_salsa20poly1305.h in Sources */,
				941C17A8247CC02C00E2523F /* cryptostream_decrypt_feed.c in Sources */,
				941C17A9247CC02C00E2523F /* cryptostream_decrypt_parallel.c in Sources */,
				941C17AA247CC02C00E2523F /* cryptostream_decrypt.c in Sources */,
				941C17AB247CC02C00E2523F /* cryptostream_encrypt_feed.c in Sources */,
				941C17AC247CC02C00E2523F /* cryptostream_encrypt_parallel.c in Sources */,
				941C17AD247CC02C00E2523F /* cryptostream_encrypt.c in Sources */,
				941C17AE247CC02C00E2523F /* cryptostream_vector.c in Sources */,
				941C17AF247CC02C00E2523F /* cryptostream.h in Sources */,
				941C17B0247CC02C00E2523F /* hypercounter.c in Sources */,
				941C17B1247CC02C00E2523F /* hypercounter.h in Sources */,
				941C17B2247CC02C00E2523F /* log.c in Sources */,
				941C17B3247CC02C00E2523F /* log.h in Sources */,
				941C17B4247CC02C00E2523F /* math.h in Sources */,
				941C17B5247CC02C00E2523F /* nonce.c in Sources */,
				941C17B6247CC02C00E2523F /* nonce.h in Sources */,
				941C17B7247CC02C00E2523F /* oops.c in Sources */,
				941C17B8247CC02C00E2523F /* oops.h in Sources */,
				941C17B9247CC02C00E2523F /* rwn.c in Sources */,
				941C17BA247CC02C00E2523F /* rwn.h in Sources */,
				941C17BB247CC02C00E2523F /* saltunnel_kx.c in Sources */,
				941C17BC247CC02C00E2523F /* saltunnel_kx.h in Sources */,
				941C17BD247CC02C00E2523F /* saltunnel_mx_parallel.c in Sources */,
				941C17BE247CC02C00E2523F /* saltunnel_mx_serial.c in Sources */,
				941C17BF247CC02C00E2523F /* saltunnel_mx.h in Sources */,
				941C17C0247CC02C00E2523F /* saltunnel_tcp_client_forwarder.c in Sources */,
				941C17C1247CC02C00E2523F /* saltunnel_tcp_client_forwarder.h in Sources */,
				941C17C2247CC02C00E2523F /* saltunnel_tcp_server_forwarder.c in Sources */,
				941C17C3247CC02C00E2523F /* saltunnel_tcp_server_forwarder.h in Sources */,
				941C17C4247CC02C00E2523F /* saltunnel.c in Sources */,
				941C17C5247CC02C00E2523F /* saltunnel.h in Sources */,
				941C17C6247CC02C00E2523F /* stopwatch.c in Sources */,
				941C17C7247CC02C00E2523F /* stopwatch.h in Sources */,
				941C17C8247CC02C00E2523F /* tcpclient.c in Sources */,
				941C17C9247CC02C00E2523F /* tcpclient.h in Sources */,
				941C17CA247CC02C00E2523F /* tcpserver.c in Sources */,
				941C17CB247CC02C00E2523F /* tcpserver.h in Sources */,
				941C17CC247CC02C00E2523F /* threadpool_barrier.c in Sources */,
				941C17CD247CC02C00E2523F /* threadpool_barrier.h in Sources */,
				941C17CE247CC02C00E2523F /* threadpool.c in Sources */,
				941C17CF247CC02C00E2523F /* threadpool.h in Sources */,
				941C17D0247CC02C00E2523F /* uint16.c in Sources */,
				941C17D1247CC02C00E2523F /* uint16.h in Sources */,
				941C17D2247CC02C00E2523F /* uint32.c in Sources */,
				941C17D3247CC02C00E2523F /* uint32.h in Sources */,
				941C17D4247CC02C00E2523F /* uint64.c in Sources */,
				941C17D5247CC02C00E2523F /* uint64.h in Sources */,
			);
			runOnlyForDeploymentPostprocessing = 0;
		};
		94ED037F240CAF9B0093920F /* Sources */ = {
			isa = PBXSourcesBuildPhase;
			buildActionMask = 2147483647;
			files = (
				941C170B247CBFF900E2523F /* cache.c in Sources */,
				941C170C247CBFF900E2523F /* cache.h in Sources */,
				941C170D247CBFF900E2523F /* config.c in Sources */,
				941C170E247CBFF900E2523F /* config.h in Sources */,
				941C170F247CBFF900E2523F /* crypto_secretbox_salsa20poly1305.c in Sources */,
				941C1710247CBFF900E2523F /* crypto_secretbox_salsa20poly1305.h in Sources */,
				941C1711247CBFF900E2523F /* cryptostream_decrypt_feed.c in Sources */,
				941C1712247CBFF900E2523F /* cryptostream_decrypt_parallel.c in Sources */,
				941C1713247CBFF900E2523F /* cryptostream_decrypt.c in Sources */,
				941C1714247CBFF900E2523F /* cryptostream_encrypt_feed.c in Sources */,
				941C1715247CBFF900E2523F /* cryptostream_encrypt_parallel.c in Sources */,
				941C1716247CBFF900E2523F /* cryptostream_encrypt.c in Sources */,
				941C1717247CBFF900E2523F /* cryptostream_vector.c in Sources */,
				941C1718247CBFF900E2523F /* cryptostream.h in Sources */,
				941C1719247CBFF900E2523F /* hypercounter.c in Sources */,
				941C171A247CBFF900E2523F /* hypercounter.h in Sources */,
				941C171B247CBFF900E2523F /* log.c in Sources */,
				941C171C247CBFF900E2523F /* log.h in Sources */,
				941C171D247CBFF900E2523F /* math.h in Sources */,
				941C171E247CBFF900E2523F /* nonce.c in Sources */,
				941C171F247CBFF900E2523F /* nonce.h in Sources */,
				941C1720247CBFF900E2523F /* oops.c in Sources */,
				941C1721247CBFF900E2523F /* oops.h in Sources */,
				941C1722247CBFF900E2523F /* rwn.c in Sources */,
				941C1723247CBFF900E2523F /* rwn.h in Sources */,
				941C1724247CBFF900E2523F /* saltunnel_kx.c in Sources */,
				941C1725247CBFF900E2523F /* saltunnel_kx.h in Sources */,
				941C1726247CBFF900E2523F /* saltunnel_mx_parallel.c in Sources */,
				941C1727247CBFF900E2523F /* saltunnel_mx_serial.c in Sources */,
				941C1728247CBFF900E2523F /* saltunnel_mx.h in Sources */,
				941C1729247CBFF900E2523F /* saltunnel_tcp_client_forwarder.c in Sources */,
				941C172A247CBFF900E2523F /* saltunnel_tcp_client_forwarder.h in Sources */,
				941C172B247CBFF900E2523F /* saltunnel_tcp_server_forwarder.c in Sources */,
				941C172C247CBFF900E2523F /* saltunnel_tcp_server_forwarder.h in Sources */,
				941C172D247CBFF900E2523F /* saltunnel.c in Sources */,
				941C172E247CBFF900E2523F /* saltunnel.h in Sources */,
				941C172F247CBFF900E2523F /* stopwatch.c in Sources */,
				941C1730247CBFF900E2523F /* stopwatch.h in Sources */,
				941C1731247CBFF900E2523F /* tcpclient.c in Sources */,
				941C1732247CBFF900E2523F /* tcpclient.h in Sources */,
				941C1733247CBFF900E2523F /* tcpserver.c in Sources */,
				941C1734247CBFF900E2523F /* tcpserver.h in Sources */,
				941C1735247CBFF900E2523F /* threadpool_barrier.c in Sources */,
				941C1736247CBFF900E2523F /* threadpool_barrier.h in Sources */,
				941C1737247CBFF900E2523F /* threadpool.c in Sources */,
				941C1738247CBFF900E2523F /* threadpool.h in Sources */,
				941C1739247CBFF900E2523F /* uint16.c in Sources */,
				941C173A247CBFF900E2523F /* uint16.h in Sources */,
				941C173B247CBFF900E2523F /* uint32.c in Sources */,
				941C173C247CBFF900E2523F /* uint32.h in Sources */,
				941C173D247CBFF900E2523F /* uint64.c in Sources */,
				941C173E247CBFF900E2523F /* uint64.h in Sources */,
			);
			runOnlyForDeploymentPostprocessing = 0;
		};
		94ED03C2240CB2230093920F /* Sources */ = {
			isa = PBXSourcesBuildPhase;
			buildActionMask = 2147483647;
			files = (
			);
			runOnlyForDeploymentPostprocessing = 0;
		};
/* End PBXSourcesBuildPhase section */

/* Begin XCBuildConfiguration section */
		94CE75B123E5284C00A84ABC /* Debug */ = {
			isa = XCBuildConfiguration;
			buildSettings = {
				ALWAYS_SEARCH_USER_PATHS = NO;
				CLANG_ANALYZER_NONNULL = YES;
				CLANG_ANALYZER_NUMBER_OBJECT_CONVERSION = YES_AGGRESSIVE;
				CLANG_CXX_LANGUAGE_STANDARD = "gnu++14";
				CLANG_CXX_LIBRARY = "libc++";
				CLANG_ENABLE_MODULES = YES;
				CLANG_ENABLE_OBJC_ARC = YES;
				CLANG_ENABLE_OBJC_WEAK = YES;
				CLANG_WARN_BLOCK_CAPTURE_AUTORELEASING = YES;
				CLANG_WARN_BOOL_CONVERSION = YES;
				CLANG_WARN_COMMA = YES;
				CLANG_WARN_CONSTANT_CONVERSION = YES;
				CLANG_WARN_DEPRECATED_OBJC_IMPLEMENTATIONS = YES;
				CLANG_WARN_DIRECT_OBJC_ISA_USAGE = YES_ERROR;
				CLANG_WARN_DOCUMENTATION_COMMENTS = YES;
				CLANG_WARN_EMPTY_BODY = YES;
				CLANG_WARN_ENUM_CONVERSION = YES;
				CLANG_WARN_INFINITE_RECURSION = YES;
				CLANG_WARN_INT_CONVERSION = YES;
				CLANG_WARN_NON_LITERAL_NULL_CONVERSION = YES;
				CLANG_WARN_OBJC_IMPLICIT_RETAIN_SELF = YES;
				CLANG_WARN_OBJC_LITERAL_CONVERSION = YES;
				CLANG_WARN_OBJC_ROOT_CLASS = YES_ERROR;
				CLANG_WARN_RANGE_LOOP_ANALYSIS = YES;
				CLANG_WARN_STRICT_PROTOTYPES = YES;
				CLANG_WARN_SUSPICIOUS_MOVE = YES;
				CLANG_WARN_UNGUARDED_AVAILABILITY = YES_AGGRESSIVE;
				CLANG_WARN_UNREACHABLE_CODE = YES;
				CLANG_WARN__DUPLICATE_METHOD_MATCH = YES;
				COPY_PHASE_STRIP = NO;
				DEBUG_INFORMATION_FORMAT = dwarf;
				ENABLE_STRICT_OBJC_MSGSEND = YES;
				ENABLE_TESTABILITY = YES;
				GCC_C_LANGUAGE_STANDARD = gnu11;
				GCC_DYNAMIC_NO_PIC = NO;
				GCC_NO_COMMON_BLOCKS = YES;
				GCC_OPTIMIZATION_LEVEL = 0;
				GCC_PREPROCESSOR_DEFINITIONS = (
					"DEBUG=1",
					"$(inherited)",
				);
				GCC_WARN_64_TO_32_BIT_CONVERSION = YES;
				GCC_WARN_ABOUT_RETURN_TYPE = YES_ERROR;
				GCC_WARN_UNDECLARED_SELECTOR = YES;
				GCC_WARN_UNINITIALIZED_AUTOS = YES_AGGRESSIVE;
				GCC_WARN_UNUSED_FUNCTION = YES;
				GCC_WARN_UNUSED_VARIABLE = YES;
				"HEADER_SEARCH_PATHS[arch=*]" = /usr/local/include;
				"LIBRARY_SEARCH_PATHS[arch=*]" = /usr/local/lib;
				MACOSX_DEPLOYMENT_TARGET = 10.15;
				MTL_ENABLE_DEBUG_INFO = INCLUDE_SOURCE;
				MTL_FAST_MATH = YES;
				ONLY_ACTIVE_ARCH = YES;
				"OTHER_LDFLAGS[arch=*]" = "-lsodium";
				SDKROOT = macosx;
			};
			name = Debug;
		};
		94CE75B223E5284C00A84ABC /* Release */ = {
			isa = XCBuildConfiguration;
			buildSettings = {
				ALWAYS_SEARCH_USER_PATHS = NO;
				CLANG_ANALYZER_NONNULL = YES;
				CLANG_ANALYZER_NUMBER_OBJECT_CONVERSION = YES_AGGRESSIVE;
				CLANG_CXX_LANGUAGE_STANDARD = "gnu++14";
				CLANG_CXX_LIBRARY = "libc++";
				CLANG_ENABLE_MODULES = YES;
				CLANG_ENABLE_OBJC_ARC = YES;
				CLANG_ENABLE_OBJC_WEAK = YES;
				CLANG_WARN_BLOCK_CAPTURE_AUTORELEASING = YES;
				CLANG_WARN_BOOL_CONVERSION = YES;
				CLANG_WARN_COMMA = YES;
				CLANG_WARN_CONSTANT_CONVERSION = YES;
				CLANG_WARN_DEPRECATED_OBJC_IMPLEMENTATIONS = YES;
				CLANG_WARN_DIRECT_OBJC_ISA_USAGE = YES_ERROR;
				CLANG_WARN_DOCUMENTATION_COMMENTS = YES;
				CLANG_WARN_EMPTY_BODY = YES;
				CLANG_WARN_ENUM_CONVERSION = YES;
				CLANG_WARN_INFINITE_RECURSION = YES;
				CLANG_WARN_INT_CONVERSION = YES;
				CLANG_WARN_NON_LITERAL_NULL_CONVERSION = YES;
				CLANG_WARN_OBJC_IMPLICIT_RETAIN_SELF = YES;
				CLANG_WARN_OBJC_LITERAL_CONVERSION = YES;
				CLANG_WARN_OBJC_ROOT_CLASS = YES_ERROR;
				CLANG_WARN_RANGE_LOOP_ANALYSIS = YES;
				CLANG_WARN_STRICT_PROTOTYPES = YES;
				CLANG_WARN_SUSPICIOUS_MOVE = YES;
				CLANG_WARN_UNGUARDED_AVAILABILITY = YES_AGGRESSIVE;
				CLANG_WARN_UNREACHABLE_CODE = YES;
				CLANG_WARN__DUPLICATE_METHOD_MATCH = YES;
				COPY_PHASE_STRIP = NO;
				DEBUG_INFORMATION_FORMAT = "dwarf-with-dsym";
				ENABLE_NS_ASSERTIONS = NO;
				ENABLE_STRICT_OBJC_MSGSEND = YES;
				GCC_C_LANGUAGE_STANDARD = gnu11;
				GCC_NO_COMMON_BLOCKS = YES;
				GCC_WARN_64_TO_32_BIT_CONVERSION = YES;
				GCC_WARN_ABOUT_RETURN_TYPE = YES_ERROR;
				GCC_WARN_UNDECLARED_SELECTOR = YES;
				GCC_WARN_UNINITIALIZED_AUTOS = YES_AGGRESSIVE;
				GCC_WARN_UNUSED_FUNCTION = YES;
				GCC_WARN_UNUSED_VARIABLE = YES;
				"HEADER_SEARCH_PATHS[arch=*]" = /usr/local/include;
				"LIBRARY_SEARCH_PATHS[arch=*]" = /usr/local/lib;
				MACOSX_DEPLOYMENT_TARGET = 10.15;
				MTL_ENABLE_DEBUG_INFO = NO;
				MTL_FAST_MATH = YES;
				"OTHER_LDFLAGS[arch=*]" = "-lsodium";
				SDKROOT = macosx;
			};
			name = Release;
		};
		94CE75B423E5284C00A84ABC /* Debug */ = {
			isa = XCBuildConfiguration;
			buildSettings = {
				CODE_SIGN_STYLE = Automatic;
				PRODUCT_NAME = "$(TARGET_NAME)";
			};
			name = Debug;
		};
		94CE75B523E5284C00A84ABC /* Release */ = {
			isa = XCBuildConfiguration;
			buildSettings = {
				CODE_SIGN_STYLE = Automatic;
				PRODUCT_NAME = "$(TARGET_NAME)";
			};
			name = Release;
		};
		94ED0387240CAF9B0093920F /* Debug */ = {
			isa = XCBuildConfiguration;
			buildSettings = {
				CODE_SIGN_STYLE = Automatic;
				DEVELOPMENT_ASSET_PATHS = "";
				PRODUCT_NAME = "$(TARGET_NAME)";
			};
			name = Debug;
		};
		94ED0388240CAF9B0093920F /* Release */ = {
			isa = XCBuildConfiguration;
			buildSettings = {
				CODE_SIGN_STYLE = Automatic;
				DEVELOPMENT_ASSET_PATHS = "";
				PRODUCT_NAME = "$(TARGET_NAME)";
			};
			name = Release;
		};
		94ED03CB240CB2230093920F /* Debug */ = {
			isa = XCBuildConfiguration;
			buildSettings = {
				CODE_SIGN_STYLE = Automatic;
				PRODUCT_NAME = "$(TARGET_NAME)";
			};
			name = Debug;
		};
		94ED03CC240CB2230093920F /* Release */ = {
			isa = XCBuildConfiguration;
			buildSettings = {
				CODE_SIGN_STYLE = Automatic;
				PRODUCT_NAME = "$(TARGET_NAME)";
			};
			name = Release;
		};
/* End XCBuildConfiguration section */

/* Begin XCConfigurationList section */
		94CE75A723E5284C00A84ABC /* Build configuration list for PBXProject "saltunnel" */ = {
			isa = XCConfigurationList;
			buildConfigurations = (
				94CE75B123E5284C00A84ABC /* Debug */,
				94CE75B223E5284C00A84ABC /* Release */,
			);
			defaultConfigurationIsVisible = 0;
			defaultConfigurationName = Release;
		};
		94CE75B323E5284C00A84ABC /* Build configuration list for PBXNativeTarget "saltunnel-test" */ = {
			isa = XCConfigurationList;
			buildConfigurations = (
				94CE75B423E5284C00A84ABC /* Debug */,
				94CE75B523E5284C00A84ABC /* Release */,
			);
			defaultConfigurationIsVisible = 0;
			defaultConfigurationName = Release;
		};
		94ED0389240CAF9B0093920F /* Build configuration list for PBXNativeTarget "saltunnel-client" */ = {
			isa = XCConfigurationList;
			buildConfigurations = (
				94ED0387240CAF9B0093920F /* Debug */,
				94ED0388240CAF9B0093920F /* Release */,
			);
			defaultConfigurationIsVisible = 0;
			defaultConfigurationName = Release;
		};
		94ED03CA240CB2230093920F /* Build configuration list for PBXNativeTarget "saltunnel-server" */ = {
			isa = XCConfigurationList;
			buildConfigurations = (
				94ED03CB240CB2230093920F /* Debug */,
				94ED03CC240CB2230093920F /* Release */,
			);
			defaultConfigurationIsVisible = 0;
			defaultConfigurationName = Release;
		};
/* End XCConfigurationList section */
	};
	rootObject = 94CE75A423E5284C00A84ABC /* Project object */;
}
