// !$*UTF8*$!
{
	archiveVersion = 1;
	classes = {
	};
	objectVersion = 50;
	objects = {

/* Begin PBXBuildFile section */
		94011EF3242322D8005AD00A /* nonce.test.c in Sources */ = {isa = PBXBuildFile; fileRef = 94011EF2242322D8005AD00A /* nonce.test.c */; };
		9415876424136BB200CA793A /* hypercounter.c in Sources */ = {isa = PBXBuildFile; fileRef = 9415876324136BB200CA793A /* hypercounter.c */; };
		9415876924186F2800CA793A /* uint64.c in Sources */ = {isa = PBXBuildFile; fileRef = 9415876624186F2700CA793A /* uint64.c */; };
		9415876D2418880C00CA793A /* cache.c in Sources */ = {isa = PBXBuildFile; fileRef = 9415876C2418880C00CA793A /* cache.c */; };
		9415877224188B5D00CA793A /* uint32.c in Sources */ = {isa = PBXBuildFile; fileRef = 9415876E24188B5C00CA793A /* uint32.c */; };
		9415877324188B5D00CA793A /* uint32.c in Sources */ = {isa = PBXBuildFile; fileRef = 9415876E24188B5C00CA793A /* uint32.c */; };
		9415877424188B5D00CA793A /* uint32.c in Sources */ = {isa = PBXBuildFile; fileRef = 9415876E24188B5C00CA793A /* uint32.c */; };
		941587792419B6A300CA793A /* cache.test.c in Sources */ = {isa = PBXBuildFile; fileRef = 941587782419B6A300CA793A /* cache.test.c */; };
		9490E22F246F98BF0012A652 /* rwn.test.c in Sources */ = {isa = PBXBuildFile; fileRef = 9490E22E246F98BF0012A652 /* rwn.test.c */; };
		9490E232246F9A1D0012A652 /* log.test.c in Sources */ = {isa = PBXBuildFile; fileRef = 9490E231246F9A1D0012A652 /* log.test.c */; };
		9490E235246FA08D0012A652 /* saltunnel_tcp_forwarder.test.c in Sources */ = {isa = PBXBuildFile; fileRef = 9490E234246FA08D0012A652 /* saltunnel_tcp_forwarder.test.c */; };
		9490E238246FA4620012A652 /* cryptostream_vector.test.c in Sources */ = {isa = PBXBuildFile; fileRef = 9490E237246FA4620012A652 /* cryptostream_vector.test.c */; };
		9490E23B246FA5AD0012A652 /* test.c in Sources */ = {isa = PBXBuildFile; fileRef = 9490E23A246FA5AD0012A652 /* test.c */; };
		94D2234C243A44C400EED0E8 /* saltunnel_client_main.c in Sources */ = {isa = PBXBuildFile; fileRef = 94D2234B243A44C400EED0E8 /* saltunnel_client_main.c */; };
		94D2234E243A44CC00EED0E8 /* saltunnel_server_main.c in Sources */ = {isa = PBXBuildFile; fileRef = 94D2234D243A44CC00EED0E8 /* saltunnel_server_main.c */; };
		94D2234F243A4EAD00EED0E8 /* hypercounter.h in Sources */ = {isa = PBXBuildFile; fileRef = 9415876224136BB200CA793A /* hypercounter.h */; };
		94D22350243A4EB300EED0E8 /* hypercounter.c in Sources */ = {isa = PBXBuildFile; fileRef = 9415876324136BB200CA793A /* hypercounter.c */; };
		94D22351243A4ECE00EED0E8 /* uint64.c in Sources */ = {isa = PBXBuildFile; fileRef = 9415876624186F2700CA793A /* uint64.c */; };
		94D22352243A4ECE00EED0E8 /* uint64.h in Sources */ = {isa = PBXBuildFile; fileRef = 9415876724186F2800CA793A /* uint64.h */; };
		94D22353243A66A500EED0E8 /* hypercounter.h in Sources */ = {isa = PBXBuildFile; fileRef = 9415876224136BB200CA793A /* hypercounter.h */; };
		94D22354243A66A500EED0E8 /* hypercounter.c in Sources */ = {isa = PBXBuildFile; fileRef = 9415876324136BB200CA793A /* hypercounter.c */; };
		94D22355243A66B400EED0E8 /* uint64.c in Sources */ = {isa = PBXBuildFile; fileRef = 9415876624186F2700CA793A /* uint64.c */; };
		94D22356243A66B400EED0E8 /* uint64.h in Sources */ = {isa = PBXBuildFile; fileRef = 9415876724186F2800CA793A /* uint64.h */; };
		94ED038A240CB08A0093920F /* chaos.c in Sources */ = {isa = PBXBuildFile; fileRef = 942971C32401895100DAC1E2 /* chaos.c */; };
		94ED038B240CB08A0093920F /* chaos.h in Sources */ = {isa = PBXBuildFile; fileRef = 942971AF2401895000DAC1E2 /* chaos.h */; };
		94ED038C240CB08A0093920F /* config.h in Sources */ = {isa = PBXBuildFile; fileRef = 942971A12401895000DAC1E2 /* config.h */; };
		94ED038D240CB08A0093920F /* crypto_secretbox_chacha20poly1305.c in Sources */ = {isa = PBXBuildFile; fileRef = 942971A02401895000DAC1E2 /* crypto_secretbox_chacha20poly1305.c */; };
		94ED038E240CB08A0093920F /* crypto_secretbox_chacha20poly1305.h in Sources */ = {isa = PBXBuildFile; fileRef = 942971A72401895000DAC1E2 /* crypto_secretbox_chacha20poly1305.h */; };
		94ED038F240CB08A0093920F /* crypto_secretbox_salsa20poly1305.c in Sources */ = {isa = PBXBuildFile; fileRef = 942971AA2401895000DAC1E2 /* crypto_secretbox_salsa20poly1305.c */; };
		94ED0390240CB08A0093920F /* crypto_secretbox_salsa20poly1305.h in Sources */ = {isa = PBXBuildFile; fileRef = 942971982401894F00DAC1E2 /* crypto_secretbox_salsa20poly1305.h */; };
		94ED0391240CB08A0093920F /* crypto_secretbox_salsa208poly1305.c in Sources */ = {isa = PBXBuildFile; fileRef = 942971A52401895000DAC1E2 /* crypto_secretbox_salsa208poly1305.c */; };
		94ED0392240CB08A0093920F /* crypto_secretbox_salsa208poly1305.h in Sources */ = {isa = PBXBuildFile; fileRef = 942971992401894F00DAC1E2 /* crypto_secretbox_salsa208poly1305.h */; };
		94ED0393240CB08A0093920F /* crypto_secretbox_salsa2012poly1305.c in Sources */ = {isa = PBXBuildFile; fileRef = 942971BF2401895100DAC1E2 /* crypto_secretbox_salsa2012poly1305.c */; };
		94ED0394240CB08A0093920F /* crypto_secretbox_salsa2012poly1305.h in Sources */ = {isa = PBXBuildFile; fileRef = 942971AE2401895000DAC1E2 /* crypto_secretbox_salsa2012poly1305.h */; };
		94ED0395240CB08A0093920F /* cryptostream_decrypt_feed.c in Sources */ = {isa = PBXBuildFile; fileRef = 942971C22401895100DAC1E2 /* cryptostream_decrypt_feed.c */; };
		94ED0396240CB08A0093920F /* cryptostream_decrypt_parallel.c in Sources */ = {isa = PBXBuildFile; fileRef = 942971B12401895000DAC1E2 /* cryptostream_decrypt_parallel.c */; };
		94ED0397240CB08A0093920F /* cryptostream_decrypt.c in Sources */ = {isa = PBXBuildFile; fileRef = 942971A82401895000DAC1E2 /* cryptostream_decrypt.c */; };
		94ED0398240CB08A0093920F /* cryptostream_encrypt_feed.c in Sources */ = {isa = PBXBuildFile; fileRef = 942971C12401895100DAC1E2 /* cryptostream_encrypt_feed.c */; };
		94ED0399240CB08A0093920F /* cryptostream_encrypt_parallel.c in Sources */ = {isa = PBXBuildFile; fileRef = 9429719A2401894F00DAC1E2 /* cryptostream_encrypt_parallel.c */; };
		94ED039A240CB08A0093920F /* cryptostream_encrypt.c in Sources */ = {isa = PBXBuildFile; fileRef = 942971AB2401895000DAC1E2 /* cryptostream_encrypt.c */; };
		94ED039B240CB08A0093920F /* cryptostream_vector.c in Sources */ = {isa = PBXBuildFile; fileRef = 942971B32401895000DAC1E2 /* cryptostream_vector.c */; };
		94ED039C240CB08A0093920F /* cryptostream.h in Sources */ = {isa = PBXBuildFile; fileRef = 942971BB2401895100DAC1E2 /* cryptostream.h */; };
		94ED039D240CB08A0093920F /* log.c in Sources */ = {isa = PBXBuildFile; fileRef = 9429719B2401894F00DAC1E2 /* log.c */; };
		94ED039E240CB08A0093920F /* log.h in Sources */ = {isa = PBXBuildFile; fileRef = 942971BA2401895100DAC1E2 /* log.h */; };
		94ED03A0240CB08A0093920F /* math.h in Sources */ = {isa = PBXBuildFile; fileRef = 942971A32401895000DAC1E2 /* math.h */; };
		94ED03A1240CB08A0093920F /* nonce.c in Sources */ = {isa = PBXBuildFile; fileRef = 9429719C2401894F00DAC1E2 /* nonce.c */; };
		94ED03A2240CB08A0093920F /* nonce.h in Sources */ = {isa = PBXBuildFile; fileRef = 942971A42401895000DAC1E2 /* nonce.h */; };
		94ED03A3240CB08A0093920F /* oops.c in Sources */ = {isa = PBXBuildFile; fileRef = 9429719D2401895000DAC1E2 /* oops.c */; };
		94ED03A4240CB08A0093920F /* oops.h in Sources */ = {isa = PBXBuildFile; fileRef = 942971BC2401895100DAC1E2 /* oops.h */; };
		94ED03A7240CB08A0093920F /* saltunnel_kx.c in Sources */ = {isa = PBXBuildFile; fileRef = 942971972401894F00DAC1E2 /* saltunnel_kx.c */; };
		94ED03A8240CB08A0093920F /* saltunnel_kx.h in Sources */ = {isa = PBXBuildFile; fileRef = 942971A62401895000DAC1E2 /* saltunnel_kx.h */; };
		94ED03A9240CB08A0093920F /* saltunnel_mx_parallel.c in Sources */ = {isa = PBXBuildFile; fileRef = 942971932401894F00DAC1E2 /* saltunnel_mx_parallel.c */; };
		94ED03AA240CB08A0093920F /* saltunnel_mx_serial.c in Sources */ = {isa = PBXBuildFile; fileRef = 942971A22401895000DAC1E2 /* saltunnel_mx_serial.c */; };
		94ED03AB240CB08A0093920F /* saltunnel_mx.h in Sources */ = {isa = PBXBuildFile; fileRef = 942971C42401895100DAC1E2 /* saltunnel_mx.h */; };
		94ED03AC240CB08B0093920F /* saltunnel_tcp_client_forwarder.c in Sources */ = {isa = PBXBuildFile; fileRef = 942971B72401895000DAC1E2 /* saltunnel_tcp_client_forwarder.c */; };
		94ED03AD240CB08B0093920F /* saltunnel_tcp_client_forwarder.h in Sources */ = {isa = PBXBuildFile; fileRef = 942971952401894F00DAC1E2 /* saltunnel_tcp_client_forwarder.h */; };
		94ED03AE240CB08B0093920F /* saltunnel_tcp_server_forwarder.c in Sources */ = {isa = PBXBuildFile; fileRef = 942971C52401895100DAC1E2 /* saltunnel_tcp_server_forwarder.c */; };
		94ED03AF240CB08B0093920F /* saltunnel_tcp_server_forwarder.h in Sources */ = {isa = PBXBuildFile; fileRef = 942971C02401895100DAC1E2 /* saltunnel_tcp_server_forwarder.h */; };
		94ED03B0240CB08B0093920F /* saltunnel.c in Sources */ = {isa = PBXBuildFile; fileRef = 942971AC2401895000DAC1E2 /* saltunnel.c */; };
		94ED03B1240CB08B0093920F /* saltunnel.h in Sources */ = {isa = PBXBuildFile; fileRef = 942971C62401895100DAC1E2 /* saltunnel.h */; };
		94ED03B2240CB08B0093920F /* stopwatch.c in Sources */ = {isa = PBXBuildFile; fileRef = 942971A92401895000DAC1E2 /* stopwatch.c */; };
		94ED03B3240CB08B0093920F /* stopwatch.h in Sources */ = {isa = PBXBuildFile; fileRef = 942971AD2401895000DAC1E2 /* stopwatch.h */; };
		94ED03B4240CB08B0093920F /* tcpclient.c in Sources */ = {isa = PBXBuildFile; fileRef = 9429719F2401895000DAC1E2 /* tcpclient.c */; };
		94ED03B5240CB08B0093920F /* tcpclient.h in Sources */ = {isa = PBXBuildFile; fileRef = 9429719E2401895000DAC1E2 /* tcpclient.h */; };
		94ED03B6240CB08B0093920F /* tcpserver.c in Sources */ = {isa = PBXBuildFile; fileRef = 942971B42401895000DAC1E2 /* tcpserver.c */; };
		94ED03B7240CB08B0093920F /* tcpserver.h in Sources */ = {isa = PBXBuildFile; fileRef = 942971B92401895000DAC1E2 /* tcpserver.h */; };
		94ED03BA240CB08B0093920F /* threadpool_barrier.c in Sources */ = {isa = PBXBuildFile; fileRef = 942971B62401895000DAC1E2 /* threadpool_barrier.c */; };
		94ED03BB240CB08B0093920F /* threadpool_barrier.h in Sources */ = {isa = PBXBuildFile; fileRef = 942971942401894F00DAC1E2 /* threadpool_barrier.h */; };
		94ED03BC240CB08B0093920F /* threadpool.c in Sources */ = {isa = PBXBuildFile; fileRef = 942971C72401895100DAC1E2 /* threadpool.c */; };
		94ED03BD240CB08B0093920F /* threadpool.h in Sources */ = {isa = PBXBuildFile; fileRef = 942971C82401895100DAC1E2 /* threadpool.h */; };
		94ED03BE240CB08B0093920F /* uint16.c in Sources */ = {isa = PBXBuildFile; fileRef = 942971B22401895000DAC1E2 /* uint16.c */; };
		94ED03BF240CB08B0093920F /* uint16.h in Sources */ = {isa = PBXBuildFile; fileRef = 942971B82401895000DAC1E2 /* uint16.h */; };
		94ED03C0240CB08B0093920F /* rwn.c in Sources */ = {isa = PBXBuildFile; fileRef = 942971BE2401895100DAC1E2 /* rwn.c */; };
		94ED03C1240CB08B0093920F /* rwn.h in Sources */ = {isa = PBXBuildFile; fileRef = 942971B52401895000DAC1E2 /* rwn.h */; };
		94ED03CD240CB23C0093920F /* chaos.c in Sources */ = {isa = PBXBuildFile; fileRef = 942971C32401895100DAC1E2 /* chaos.c */; };
		94ED03CE240CB23C0093920F /* crypto_secretbox_chacha20poly1305.c in Sources */ = {isa = PBXBuildFile; fileRef = 942971A02401895000DAC1E2 /* crypto_secretbox_chacha20poly1305.c */; };
		94ED03CF240CB23C0093920F /* crypto_secretbox_salsa20poly1305.c in Sources */ = {isa = PBXBuildFile; fileRef = 942971AA2401895000DAC1E2 /* crypto_secretbox_salsa20poly1305.c */; };
		94ED03D0240CB23C0093920F /* crypto_secretbox_salsa208poly1305.c in Sources */ = {isa = PBXBuildFile; fileRef = 942971A52401895000DAC1E2 /* crypto_secretbox_salsa208poly1305.c */; };
		94ED03D1240CB23C0093920F /* crypto_secretbox_salsa2012poly1305.c in Sources */ = {isa = PBXBuildFile; fileRef = 942971BF2401895100DAC1E2 /* crypto_secretbox_salsa2012poly1305.c */; };
		94ED03D2240CB23C0093920F /* cryptostream_decrypt_feed.c in Sources */ = {isa = PBXBuildFile; fileRef = 942971C22401895100DAC1E2 /* cryptostream_decrypt_feed.c */; };
		94ED03D3240CB23C0093920F /* cryptostream_decrypt_parallel.c in Sources */ = {isa = PBXBuildFile; fileRef = 942971B12401895000DAC1E2 /* cryptostream_decrypt_parallel.c */; };
		94ED03D4240CB23C0093920F /* cryptostream_decrypt.c in Sources */ = {isa = PBXBuildFile; fileRef = 942971A82401895000DAC1E2 /* cryptostream_decrypt.c */; };
		94ED03D5240CB23C0093920F /* cryptostream_encrypt_feed.c in Sources */ = {isa = PBXBuildFile; fileRef = 942971C12401895100DAC1E2 /* cryptostream_encrypt_feed.c */; };
		94ED03D6240CB23C0093920F /* cryptostream_encrypt_parallel.c in Sources */ = {isa = PBXBuildFile; fileRef = 9429719A2401894F00DAC1E2 /* cryptostream_encrypt_parallel.c */; };
		94ED03D7240CB23C0093920F /* cryptostream_encrypt.c in Sources */ = {isa = PBXBuildFile; fileRef = 942971AB2401895000DAC1E2 /* cryptostream_encrypt.c */; };
		94ED03D8240CB23C0093920F /* cryptostream_vector.c in Sources */ = {isa = PBXBuildFile; fileRef = 942971B32401895000DAC1E2 /* cryptostream_vector.c */; };
		94ED03D9240CB23C0093920F /* log.c in Sources */ = {isa = PBXBuildFile; fileRef = 9429719B2401894F00DAC1E2 /* log.c */; };
		94ED03DB240CB23C0093920F /* nonce.c in Sources */ = {isa = PBXBuildFile; fileRef = 9429719C2401894F00DAC1E2 /* nonce.c */; };
		94ED03DC240CB23C0093920F /* oops.c in Sources */ = {isa = PBXBuildFile; fileRef = 9429719D2401895000DAC1E2 /* oops.c */; };
		94ED03DE240CB23C0093920F /* saltunnel_kx.c in Sources */ = {isa = PBXBuildFile; fileRef = 942971972401894F00DAC1E2 /* saltunnel_kx.c */; };
		94ED03DF240CB23C0093920F /* saltunnel_mx_parallel.c in Sources */ = {isa = PBXBuildFile; fileRef = 942971932401894F00DAC1E2 /* saltunnel_mx_parallel.c */; };
		94ED03E0240CB23C0093920F /* saltunnel_mx_serial.c in Sources */ = {isa = PBXBuildFile; fileRef = 942971A22401895000DAC1E2 /* saltunnel_mx_serial.c */; };
		94ED03E1240CB23C0093920F /* saltunnel_tcp_client_forwarder.c in Sources */ = {isa = PBXBuildFile; fileRef = 942971B72401895000DAC1E2 /* saltunnel_tcp_client_forwarder.c */; };
		94ED03E2240CB23C0093920F /* saltunnel_tcp_server_forwarder.c in Sources */ = {isa = PBXBuildFile; fileRef = 942971C52401895100DAC1E2 /* saltunnel_tcp_server_forwarder.c */; };
		94ED03E3240CB23C0093920F /* saltunnel.c in Sources */ = {isa = PBXBuildFile; fileRef = 942971AC2401895000DAC1E2 /* saltunnel.c */; };
		94ED03E4240CB23C0093920F /* stopwatch.c in Sources */ = {isa = PBXBuildFile; fileRef = 942971A92401895000DAC1E2 /* stopwatch.c */; };
		94ED03E5240CB23C0093920F /* tcpclient.c in Sources */ = {isa = PBXBuildFile; fileRef = 9429719F2401895000DAC1E2 /* tcpclient.c */; };
		94ED03E6240CB23C0093920F /* tcpserver.c in Sources */ = {isa = PBXBuildFile; fileRef = 942971B42401895000DAC1E2 /* tcpserver.c */; };
		94ED03E7240CB23C0093920F /* threadpool_barrier.c in Sources */ = {isa = PBXBuildFile; fileRef = 942971B62401895000DAC1E2 /* threadpool_barrier.c */; };
		94ED03E8240CB23C0093920F /* threadpool.c in Sources */ = {isa = PBXBuildFile; fileRef = 942971C72401895100DAC1E2 /* threadpool.c */; };
		94ED03E9240CB23C0093920F /* uint16.c in Sources */ = {isa = PBXBuildFile; fileRef = 942971B22401895000DAC1E2 /* uint16.c */; };
		94ED03EA240CB23C0093920F /* rwn.c in Sources */ = {isa = PBXBuildFile; fileRef = 942971BE2401895100DAC1E2 /* rwn.c */; };
		94ED03EB240CB82D0093920F /* chaos.c in Sources */ = {isa = PBXBuildFile; fileRef = 942971C32401895100DAC1E2 /* chaos.c */; };
		94ED03EC240CB82D0093920F /* chaos.h in Sources */ = {isa = PBXBuildFile; fileRef = 942971AF2401895000DAC1E2 /* chaos.h */; };
		94ED03ED240CB82D0093920F /* config.h in Sources */ = {isa = PBXBuildFile; fileRef = 942971A12401895000DAC1E2 /* config.h */; };
		94ED03EE240CB82D0093920F /* crypto_secretbox_chacha20poly1305.c in Sources */ = {isa = PBXBuildFile; fileRef = 942971A02401895000DAC1E2 /* crypto_secretbox_chacha20poly1305.c */; };
		94ED03EF240CB82D0093920F /* crypto_secretbox_chacha20poly1305.h in Sources */ = {isa = PBXBuildFile; fileRef = 942971A72401895000DAC1E2 /* crypto_secretbox_chacha20poly1305.h */; };
		94ED03F0240CB82D0093920F /* crypto_secretbox_salsa20poly1305.c in Sources */ = {isa = PBXBuildFile; fileRef = 942971AA2401895000DAC1E2 /* crypto_secretbox_salsa20poly1305.c */; };
		94ED03F1240CB82D0093920F /* crypto_secretbox_salsa20poly1305.h in Sources */ = {isa = PBXBuildFile; fileRef = 942971982401894F00DAC1E2 /* crypto_secretbox_salsa20poly1305.h */; };
		94ED03F2240CB82D0093920F /* crypto_secretbox_salsa208poly1305.c in Sources */ = {isa = PBXBuildFile; fileRef = 942971A52401895000DAC1E2 /* crypto_secretbox_salsa208poly1305.c */; };
		94ED03F3240CB82D0093920F /* crypto_secretbox_salsa208poly1305.h in Sources */ = {isa = PBXBuildFile; fileRef = 942971992401894F00DAC1E2 /* crypto_secretbox_salsa208poly1305.h */; };
		94ED03F4240CB82D0093920F /* crypto_secretbox_salsa2012poly1305.c in Sources */ = {isa = PBXBuildFile; fileRef = 942971BF2401895100DAC1E2 /* crypto_secretbox_salsa2012poly1305.c */; };
		94ED03F5240CB82D0093920F /* crypto_secretbox_salsa2012poly1305.h in Sources */ = {isa = PBXBuildFile; fileRef = 942971AE2401895000DAC1E2 /* crypto_secretbox_salsa2012poly1305.h */; };
		94ED03F6240CB82D0093920F /* cryptostream_decrypt_feed.c in Sources */ = {isa = PBXBuildFile; fileRef = 942971C22401895100DAC1E2 /* cryptostream_decrypt_feed.c */; };
		94ED03F7240CB82D0093920F /* cryptostream_decrypt_parallel.c in Sources */ = {isa = PBXBuildFile; fileRef = 942971B12401895000DAC1E2 /* cryptostream_decrypt_parallel.c */; };
		94ED03F8240CB82D0093920F /* cryptostream_decrypt.c in Sources */ = {isa = PBXBuildFile; fileRef = 942971A82401895000DAC1E2 /* cryptostream_decrypt.c */; };
		94ED03F9240CB82D0093920F /* cryptostream_encrypt_feed.c in Sources */ = {isa = PBXBuildFile; fileRef = 942971C12401895100DAC1E2 /* cryptostream_encrypt_feed.c */; };
		94ED03FA240CB82D0093920F /* cryptostream_encrypt_parallel.c in Sources */ = {isa = PBXBuildFile; fileRef = 9429719A2401894F00DAC1E2 /* cryptostream_encrypt_parallel.c */; };
		94ED03FB240CB82D0093920F /* cryptostream_encrypt.c in Sources */ = {isa = PBXBuildFile; fileRef = 942971AB2401895000DAC1E2 /* cryptostream_encrypt.c */; };
		94ED03FC240CB82D0093920F /* cryptostream_vector.c in Sources */ = {isa = PBXBuildFile; fileRef = 942971B32401895000DAC1E2 /* cryptostream_vector.c */; };
		94ED03FD240CB82D0093920F /* cryptostream.h in Sources */ = {isa = PBXBuildFile; fileRef = 942971BB2401895100DAC1E2 /* cryptostream.h */; };
		94ED03FE240CB82D0093920F /* log.c in Sources */ = {isa = PBXBuildFile; fileRef = 9429719B2401894F00DAC1E2 /* log.c */; };
		94ED03FF240CB82D0093920F /* log.h in Sources */ = {isa = PBXBuildFile; fileRef = 942971BA2401895100DAC1E2 /* log.h */; };
		94ED0400240CB82D0093920F /* saltunnel_test_main.c in Sources */ = {isa = PBXBuildFile; fileRef = 942971962401894F00DAC1E2 /* saltunnel_test_main.c */; };
		94ED0401240CB82D0093920F /* saltunnel.test.c in Sources */ = {isa = PBXBuildFile; fileRef = 942971BD2401895100DAC1E2 /* saltunnel.test.c */; };
		94ED0402240CB82D0093920F /* saltunnel.test.h in Sources */ = {isa = PBXBuildFile; fileRef = 942971B02401895000DAC1E2 /* saltunnel.test.h */; };
		94ED0403240CB82D0093920F /* math.h in Sources */ = {isa = PBXBuildFile; fileRef = 942971A32401895000DAC1E2 /* math.h */; };
		94ED0404240CB82D0093920F /* nonce.c in Sources */ = {isa = PBXBuildFile; fileRef = 9429719C2401894F00DAC1E2 /* nonce.c */; };
		94ED0405240CB82D0093920F /* nonce.h in Sources */ = {isa = PBXBuildFile; fileRef = 942971A42401895000DAC1E2 /* nonce.h */; };
		94ED0406240CB82D0093920F /* oops.c in Sources */ = {isa = PBXBuildFile; fileRef = 9429719D2401895000DAC1E2 /* oops.c */; };
		94ED0407240CB82D0093920F /* oops.h in Sources */ = {isa = PBXBuildFile; fileRef = 942971BC2401895100DAC1E2 /* oops.h */; };
		94ED0408240CB82D0093920F /* saltunnel_kx.c in Sources */ = {isa = PBXBuildFile; fileRef = 942971972401894F00DAC1E2 /* saltunnel_kx.c */; };
		94ED0409240CB82D0093920F /* saltunnel_kx.h in Sources */ = {isa = PBXBuildFile; fileRef = 942971A62401895000DAC1E2 /* saltunnel_kx.h */; };
		94ED040A240CB82D0093920F /* saltunnel_mx_parallel.c in Sources */ = {isa = PBXBuildFile; fileRef = 942971932401894F00DAC1E2 /* saltunnel_mx_parallel.c */; };
		94ED040B240CB82D0093920F /* saltunnel_mx_serial.c in Sources */ = {isa = PBXBuildFile; fileRef = 942971A22401895000DAC1E2 /* saltunnel_mx_serial.c */; };
		94ED040C240CB82D0093920F /* saltunnel_mx.h in Sources */ = {isa = PBXBuildFile; fileRef = 942971C42401895100DAC1E2 /* saltunnel_mx.h */; };
		94ED040D240CB82D0093920F /* saltunnel_tcp_client_forwarder.c in Sources */ = {isa = PBXBuildFile; fileRef = 942971B72401895000DAC1E2 /* saltunnel_tcp_client_forwarder.c */; };
		94ED040E240CB82D0093920F /* saltunnel_tcp_client_forwarder.h in Sources */ = {isa = PBXBuildFile; fileRef = 942971952401894F00DAC1E2 /* saltunnel_tcp_client_forwarder.h */; };
		94ED040F240CB82D0093920F /* saltunnel_tcp_server_forwarder.c in Sources */ = {isa = PBXBuildFile; fileRef = 942971C52401895100DAC1E2 /* saltunnel_tcp_server_forwarder.c */; };
		94ED0410240CB82D0093920F /* saltunnel_tcp_server_forwarder.h in Sources */ = {isa = PBXBuildFile; fileRef = 942971C02401895100DAC1E2 /* saltunnel_tcp_server_forwarder.h */; };
		94ED0411240CB82D0093920F /* saltunnel.c in Sources */ = {isa = PBXBuildFile; fileRef = 942971AC2401895000DAC1E2 /* saltunnel.c */; };
		94ED0412240CB82D0093920F /* saltunnel.h in Sources */ = {isa = PBXBuildFile; fileRef = 942971C62401895100DAC1E2 /* saltunnel.h */; };
		94ED0413240CB82D0093920F /* stopwatch.c in Sources */ = {isa = PBXBuildFile; fileRef = 942971A92401895000DAC1E2 /* stopwatch.c */; };
		94ED0414240CB82D0093920F /* stopwatch.h in Sources */ = {isa = PBXBuildFile; fileRef = 942971AD2401895000DAC1E2 /* stopwatch.h */; };
		94ED0415240CB82D0093920F /* tcpclient.c in Sources */ = {isa = PBXBuildFile; fileRef = 9429719F2401895000DAC1E2 /* tcpclient.c */; };
		94ED0416240CB82D0093920F /* tcpclient.h in Sources */ = {isa = PBXBuildFile; fileRef = 9429719E2401895000DAC1E2 /* tcpclient.h */; };
		94ED0417240CB82D0093920F /* tcpserver.c in Sources */ = {isa = PBXBuildFile; fileRef = 942971B42401895000DAC1E2 /* tcpserver.c */; };
		94ED0418240CB82D0093920F /* tcpserver.h in Sources */ = {isa = PBXBuildFile; fileRef = 942971B92401895000DAC1E2 /* tcpserver.h */; };
		94ED0419240CB82D0093920F /* threadpool_barrier.c in Sources */ = {isa = PBXBuildFile; fileRef = 942971B62401895000DAC1E2 /* threadpool_barrier.c */; };
		94ED041A240CB82D0093920F /* threadpool_barrier.h in Sources */ = {isa = PBXBuildFile; fileRef = 942971942401894F00DAC1E2 /* threadpool_barrier.h */; };
		94ED041B240CB82D0093920F /* threadpool.c in Sources */ = {isa = PBXBuildFile; fileRef = 942971C72401895100DAC1E2 /* threadpool.c */; };
		94ED041C240CB82D0093920F /* threadpool.h in Sources */ = {isa = PBXBuildFile; fileRef = 942971C82401895100DAC1E2 /* threadpool.h */; };
		94ED041D240CB82D0093920F /* uint16.c in Sources */ = {isa = PBXBuildFile; fileRef = 942971B22401895000DAC1E2 /* uint16.c */; };
		94ED041E240CB82D0093920F /* uint16.h in Sources */ = {isa = PBXBuildFile; fileRef = 942971B82401895000DAC1E2 /* uint16.h */; };
		94ED041F240CB82D0093920F /* rwn.c in Sources */ = {isa = PBXBuildFile; fileRef = 942971BE2401895100DAC1E2 /* rwn.c */; };
		94ED0420240CB82D0093920F /* rwn.h in Sources */ = {isa = PBXBuildFile; fileRef = 942971B52401895000DAC1E2 /* rwn.h */; };
/* End PBXBuildFile section */

/* Begin PBXCopyFilesBuildPhase section */
		94CE75AA23E5284C00A84ABC /* CopyFiles */ = {
			isa = PBXCopyFilesBuildPhase;
			buildActionMask = 2147483647;
			dstPath = /usr/share/man/man1/;
			dstSubfolderSpec = 0;
			files = (
			);
			runOnlyForDeploymentPostprocessing = 1;
		};
		94ED0381240CAF9B0093920F /* CopyFiles */ = {
			isa = PBXCopyFilesBuildPhase;
			buildActionMask = 2147483647;
			dstPath = /usr/share/man/man1/;
			dstSubfolderSpec = 0;
			files = (
			);
			runOnlyForDeploymentPostprocessing = 1;
		};
		94ED03C4240CB2230093920F /* CopyFiles */ = {
			isa = PBXCopyFilesBuildPhase;
			buildActionMask = 2147483647;
			dstPath = /usr/share/man/man1/;
			dstSubfolderSpec = 0;
			files = (
			);
			runOnlyForDeploymentPostprocessing = 1;
		};
/* End PBXCopyFilesBuildPhase section */

/* Begin PBXFileReference section */
		94011EF1242322D8005AD00A /* nonce.test.h */ = {isa = PBXFileReference; lastKnownFileType = sourcecode.c.h; path = nonce.test.h; sourceTree = "<group>"; };
		94011EF2242322D8005AD00A /* nonce.test.c */ = {isa = PBXFileReference; lastKnownFileType = sourcecode.c.c; path = nonce.test.c; sourceTree = "<group>"; };
		9415876224136BB200CA793A /* hypercounter.h */ = {isa = PBXFileReference; lastKnownFileType = sourcecode.c.h; path = hypercounter.h; sourceTree = "<group>"; };
		9415876324136BB200CA793A /* hypercounter.c */ = {isa = PBXFileReference; lastKnownFileType = sourcecode.c.c; path = hypercounter.c; sourceTree = "<group>"; };
		9415876624186F2700CA793A /* uint64.c */ = {isa = PBXFileReference; fileEncoding = 4; lastKnownFileType = sourcecode.c.c; path = uint64.c; sourceTree = "<group>"; };
		9415876724186F2800CA793A /* uint64.h */ = {isa = PBXFileReference; fileEncoding = 4; lastKnownFileType = sourcecode.c.h; path = uint64.h; sourceTree = "<group>"; };
		9415876B2418880C00CA793A /* cache.h */ = {isa = PBXFileReference; lastKnownFileType = sourcecode.c.h; path = cache.h; sourceTree = "<group>"; };
		9415876C2418880C00CA793A /* cache.c */ = {isa = PBXFileReference; lastKnownFileType = sourcecode.c.c; path = cache.c; sourceTree = "<group>"; };
		9415876E24188B5C00CA793A /* uint32.c */ = {isa = PBXFileReference; fileEncoding = 4; lastKnownFileType = sourcecode.c.c; path = uint32.c; sourceTree = "<group>"; };
		9415877024188B5C00CA793A /* uint32.h */ = {isa = PBXFileReference; fileEncoding = 4; lastKnownFileType = sourcecode.c.h; path = uint32.h; sourceTree = "<group>"; };
		941587782419B6A300CA793A /* cache.test.c */ = {isa = PBXFileReference; lastKnownFileType = sourcecode.c.c; path = cache.test.c; sourceTree = "<group>"; };
		9415877A2419B6BC00CA793A /* cache.test.h */ = {isa = PBXFileReference; lastKnownFileType = sourcecode.c.h; path = cache.test.h; sourceTree = "<group>"; };
		942971932401894F00DAC1E2 /* saltunnel_mx_parallel.c */ = {isa = PBXFileReference; fileEncoding = 4; lastKnownFileType = sourcecode.c.c; path = saltunnel_mx_parallel.c; sourceTree = "<group>"; };
		942971942401894F00DAC1E2 /* threadpool_barrier.h */ = {isa = PBXFileReference; fileEncoding = 4; lastKnownFileType = sourcecode.c.h; path = threadpool_barrier.h; sourceTree = "<group>"; };
		942971952401894F00DAC1E2 /* saltunnel_tcp_client_forwarder.h */ = {isa = PBXFileReference; fileEncoding = 4; lastKnownFileType = sourcecode.c.h; path = saltunnel_tcp_client_forwarder.h; sourceTree = "<group>"; };
		942971962401894F00DAC1E2 /* saltunnel_test_main.c */ = {isa = PBXFileReference; fileEncoding = 4; lastKnownFileType = sourcecode.c.c; path = saltunnel_test_main.c; sourceTree = "<group>"; };
		942971972401894F00DAC1E2 /* saltunnel_kx.c */ = {isa = PBXFileReference; fileEncoding = 4; lastKnownFileType = sourcecode.c.c; path = saltunnel_kx.c; sourceTree = "<group>"; };
		942971982401894F00DAC1E2 /* crypto_secretbox_salsa20poly1305.h */ = {isa = PBXFileReference; fileEncoding = 4; lastKnownFileType = sourcecode.c.h; path = crypto_secretbox_salsa20poly1305.h; sourceTree = "<group>"; };
		942971992401894F00DAC1E2 /* crypto_secretbox_salsa208poly1305.h */ = {isa = PBXFileReference; fileEncoding = 4; lastKnownFileType = sourcecode.c.h; path = crypto_secretbox_salsa208poly1305.h; sourceTree = "<group>"; };
		9429719A2401894F00DAC1E2 /* cryptostream_encrypt_parallel.c */ = {isa = PBXFileReference; fileEncoding = 4; lastKnownFileType = sourcecode.c.c; path = cryptostream_encrypt_parallel.c; sourceTree = "<group>"; };
		9429719B2401894F00DAC1E2 /* log.c */ = {isa = PBXFileReference; fileEncoding = 4; lastKnownFileType = sourcecode.c.c; path = log.c; sourceTree = "<group>"; };
		9429719C2401894F00DAC1E2 /* nonce.c */ = {isa = PBXFileReference; fileEncoding = 4; lastKnownFileType = sourcecode.c.c; path = nonce.c; sourceTree = "<group>"; };
		9429719D2401895000DAC1E2 /* oops.c */ = {isa = PBXFileReference; fileEncoding = 4; lastKnownFileType = sourcecode.c.c; path = oops.c; sourceTree = "<group>"; };
		9429719E2401895000DAC1E2 /* tcpclient.h */ = {isa = PBXFileReference; fileEncoding = 4; lastKnownFileType = sourcecode.c.h; path = tcpclient.h; sourceTree = "<group>"; };
		9429719F2401895000DAC1E2 /* tcpclient.c */ = {isa = PBXFileReference; fileEncoding = 4; lastKnownFileType = sourcecode.c.c; path = tcpclient.c; sourceTree = "<group>"; };
		942971A02401895000DAC1E2 /* crypto_secretbox_chacha20poly1305.c */ = {isa = PBXFileReference; fileEncoding = 4; lastKnownFileType = sourcecode.c.c; path = crypto_secretbox_chacha20poly1305.c; sourceTree = "<group>"; };
		942971A12401895000DAC1E2 /* config.h */ = {isa = PBXFileReference; fileEncoding = 4; lastKnownFileType = sourcecode.c.h; path = config.h; sourceTree = "<group>"; };
		942971A22401895000DAC1E2 /* saltunnel_mx_serial.c */ = {isa = PBXFileReference; fileEncoding = 4; lastKnownFileType = sourcecode.c.c; path = saltunnel_mx_serial.c; sourceTree = "<group>"; };
		942971A32401895000DAC1E2 /* math.h */ = {isa = PBXFileReference; fileEncoding = 4; lastKnownFileType = sourcecode.c.h; path = math.h; sourceTree = "<group>"; };
		942971A42401895000DAC1E2 /* nonce.h */ = {isa = PBXFileReference; fileEncoding = 4; lastKnownFileType = sourcecode.c.h; path = nonce.h; sourceTree = "<group>"; };
		942971A52401895000DAC1E2 /* crypto_secretbox_salsa208poly1305.c */ = {isa = PBXFileReference; fileEncoding = 4; lastKnownFileType = sourcecode.c.c; path = crypto_secretbox_salsa208poly1305.c; sourceTree = "<group>"; };
		942971A62401895000DAC1E2 /* saltunnel_kx.h */ = {isa = PBXFileReference; fileEncoding = 4; lastKnownFileType = sourcecode.c.h; path = saltunnel_kx.h; sourceTree = "<group>"; };
		942971A72401895000DAC1E2 /* crypto_secretbox_chacha20poly1305.h */ = {isa = PBXFileReference; fileEncoding = 4; lastKnownFileType = sourcecode.c.h; path = crypto_secretbox_chacha20poly1305.h; sourceTree = "<group>"; };
		942971A82401895000DAC1E2 /* cryptostream_decrypt.c */ = {isa = PBXFileReference; fileEncoding = 4; lastKnownFileType = sourcecode.c.c; path = cryptostream_decrypt.c; sourceTree = "<group>"; };
		942971A92401895000DAC1E2 /* stopwatch.c */ = {isa = PBXFileReference; fileEncoding = 4; lastKnownFileType = sourcecode.c.c; path = stopwatch.c; sourceTree = "<group>"; };
		942971AA2401895000DAC1E2 /* crypto_secretbox_salsa20poly1305.c */ = {isa = PBXFileReference; fileEncoding = 4; lastKnownFileType = sourcecode.c.c; path = crypto_secretbox_salsa20poly1305.c; sourceTree = "<group>"; };
		942971AB2401895000DAC1E2 /* cryptostream_encrypt.c */ = {isa = PBXFileReference; fileEncoding = 4; lastKnownFileType = sourcecode.c.c; path = cryptostream_encrypt.c; sourceTree = "<group>"; };
		942971AC2401895000DAC1E2 /* saltunnel.c */ = {isa = PBXFileReference; fileEncoding = 4; lastKnownFileType = sourcecode.c.c; path = saltunnel.c; sourceTree = "<group>"; };
		942971AD2401895000DAC1E2 /* stopwatch.h */ = {isa = PBXFileReference; fileEncoding = 4; lastKnownFileType = sourcecode.c.h; path = stopwatch.h; sourceTree = "<group>"; };
		942971AE2401895000DAC1E2 /* crypto_secretbox_salsa2012poly1305.h */ = {isa = PBXFileReference; fileEncoding = 4; lastKnownFileType = sourcecode.c.h; path = crypto_secretbox_salsa2012poly1305.h; sourceTree = "<group>"; };
		942971AF2401895000DAC1E2 /* chaos.h */ = {isa = PBXFileReference; fileEncoding = 4; lastKnownFileType = sourcecode.c.h; path = chaos.h; sourceTree = "<group>"; };
		942971B02401895000DAC1E2 /* saltunnel.test.h */ = {isa = PBXFileReference; fileEncoding = 4; lastKnownFileType = sourcecode.c.h; path = saltunnel.test.h; sourceTree = "<group>"; };
		942971B12401895000DAC1E2 /* cryptostream_decrypt_parallel.c */ = {isa = PBXFileReference; fileEncoding = 4; lastKnownFileType = sourcecode.c.c; path = cryptostream_decrypt_parallel.c; sourceTree = "<group>"; };
		942971B22401895000DAC1E2 /* uint16.c */ = {isa = PBXFileReference; fileEncoding = 4; lastKnownFileType = sourcecode.c.c; path = uint16.c; sourceTree = "<group>"; };
		942971B32401895000DAC1E2 /* cryptostream_vector.c */ = {isa = PBXFileReference; fileEncoding = 4; lastKnownFileType = sourcecode.c.c; path = cryptostream_vector.c; sourceTree = "<group>"; };
		942971B42401895000DAC1E2 /* tcpserver.c */ = {isa = PBXFileReference; fileEncoding = 4; lastKnownFileType = sourcecode.c.c; path = tcpserver.c; sourceTree = "<group>"; };
		942971B52401895000DAC1E2 /* rwn.h */ = {isa = PBXFileReference; fileEncoding = 4; lastKnownFileType = sourcecode.c.h; path = rwn.h; sourceTree = "<group>"; };
		942971B62401895000DAC1E2 /* threadpool_barrier.c */ = {isa = PBXFileReference; fileEncoding = 4; lastKnownFileType = sourcecode.c.c; path = threadpool_barrier.c; sourceTree = "<group>"; };
		942971B72401895000DAC1E2 /* saltunnel_tcp_client_forwarder.c */ = {isa = PBXFileReference; fileEncoding = 4; lastKnownFileType = sourcecode.c.c; path = saltunnel_tcp_client_forwarder.c; sourceTree = "<group>"; };
		942971B82401895000DAC1E2 /* uint16.h */ = {isa = PBXFileReference; fileEncoding = 4; lastKnownFileType = sourcecode.c.h; path = uint16.h; sourceTree = "<group>"; };
		942971B92401895000DAC1E2 /* tcpserver.h */ = {isa = PBXFileReference; fileEncoding = 4; lastKnownFileType = sourcecode.c.h; path = tcpserver.h; sourceTree = "<group>"; };
		942971BA2401895100DAC1E2 /* log.h */ = {isa = PBXFileReference; fileEncoding = 4; lastKnownFileType = sourcecode.c.h; path = log.h; sourceTree = "<group>"; };
		942971BB2401895100DAC1E2 /* cryptostream.h */ = {isa = PBXFileReference; fileEncoding = 4; lastKnownFileType = sourcecode.c.h; path = cryptostream.h; sourceTree = "<group>"; };
		942971BC2401895100DAC1E2 /* oops.h */ = {isa = PBXFileReference; fileEncoding = 4; lastKnownFileType = sourcecode.c.h; path = oops.h; sourceTree = "<group>"; };
		942971BD2401895100DAC1E2 /* saltunnel.test.c */ = {isa = PBXFileReference; fileEncoding = 4; lastKnownFileType = sourcecode.c.c; path = saltunnel.test.c; sourceTree = "<group>"; };
		942971BE2401895100DAC1E2 /* rwn.c */ = {isa = PBXFileReference; fileEncoding = 4; lastKnownFileType = sourcecode.c.c; path = rwn.c; sourceTree = "<group>"; };
		942971BF2401895100DAC1E2 /* crypto_secretbox_salsa2012poly1305.c */ = {isa = PBXFileReference; fileEncoding = 4; lastKnownFileType = sourcecode.c.c; path = crypto_secretbox_salsa2012poly1305.c; sourceTree = "<group>"; };
		942971C02401895100DAC1E2 /* saltunnel_tcp_server_forwarder.h */ = {isa = PBXFileReference; fileEncoding = 4; lastKnownFileType = sourcecode.c.h; path = saltunnel_tcp_server_forwarder.h; sourceTree = "<group>"; };
		942971C12401895100DAC1E2 /* cryptostream_encrypt_feed.c */ = {isa = PBXFileReference; fileEncoding = 4; lastKnownFileType = sourcecode.c.c; path = cryptostream_encrypt_feed.c; sourceTree = "<group>"; };
		942971C22401895100DAC1E2 /* cryptostream_decrypt_feed.c */ = {isa = PBXFileReference; fileEncoding = 4; lastKnownFileType = sourcecode.c.c; path = cryptostream_decrypt_feed.c; sourceTree = "<group>"; };
		942971C32401895100DAC1E2 /* chaos.c */ = {isa = PBXFileReference; fileEncoding = 4; lastKnownFileType = sourcecode.c.c; path = chaos.c; sourceTree = "<group>"; };
		942971C42401895100DAC1E2 /* saltunnel_mx.h */ = {isa = PBXFileReference; fileEncoding = 4; lastKnownFileType = sourcecode.c.h; path = saltunnel_mx.h; sourceTree = "<group>"; };
		942971C52401895100DAC1E2 /* saltunnel_tcp_server_forwarder.c */ = {isa = PBXFileReference; fileEncoding = 4; lastKnownFileType = sourcecode.c.c; path = saltunnel_tcp_server_forwarder.c; sourceTree = "<group>"; };
		942971C62401895100DAC1E2 /* saltunnel.h */ = {isa = PBXFileReference; fileEncoding = 4; lastKnownFileType = sourcecode.c.h; path = saltunnel.h; sourceTree = "<group>"; };
		942971C72401895100DAC1E2 /* threadpool.c */ = {isa = PBXFileReference; fileEncoding = 4; lastKnownFileType = sourcecode.c.c; path = threadpool.c; sourceTree = "<group>"; };
		942971C82401895100DAC1E2 /* threadpool.h */ = {isa = PBXFileReference; fileEncoding = 4; lastKnownFileType = sourcecode.c.h; path = threadpool.h; sourceTree = "<group>"; };
		9490E22D246F98BF0012A652 /* rwn.test.h */ = {isa = PBXFileReference; lastKnownFileType = sourcecode.c.h; path = rwn.test.h; sourceTree = "<group>"; };
		9490E22E246F98BF0012A652 /* rwn.test.c */ = {isa = PBXFileReference; lastKnownFileType = sourcecode.c.c; path = rwn.test.c; sourceTree = "<group>"; };
		9490E230246F9A1D0012A652 /* log.test.h */ = {isa = PBXFileReference; lastKnownFileType = sourcecode.c.h; path = log.test.h; sourceTree = "<group>"; };
		9490E231246F9A1D0012A652 /* log.test.c */ = {isa = PBXFileReference; lastKnownFileType = sourcecode.c.c; path = log.test.c; sourceTree = "<group>"; };
		9490E233246FA08D0012A652 /* saltunnel_tcp_forwarder.test.h */ = {isa = PBXFileReference; lastKnownFileType = sourcecode.c.h; path = saltunnel_tcp_forwarder.test.h; sourceTree = "<group>"; };
		9490E234246FA08D0012A652 /* saltunnel_tcp_forwarder.test.c */ = {isa = PBXFileReference; lastKnownFileType = sourcecode.c.c; path = saltunnel_tcp_forwarder.test.c; sourceTree = "<group>"; };
		9490E236246FA4620012A652 /* cryptostream_vector.test.h */ = {isa = PBXFileReference; lastKnownFileType = sourcecode.c.h; path = cryptostream_vector.test.h; sourceTree = "<group>"; };
		9490E237246FA4620012A652 /* cryptostream_vector.test.c */ = {isa = PBXFileReference; lastKnownFileType = sourcecode.c.c; path = cryptostream_vector.test.c; sourceTree = "<group>"; };
		9490E239246FA5AD0012A652 /* test.h */ = {isa = PBXFileReference; lastKnownFileType = sourcecode.c.h; path = test.h; sourceTree = "<group>"; };
		9490E23A246FA5AD0012A652 /* test.c */ = {isa = PBXFileReference; lastKnownFileType = sourcecode.c.c; path = test.c; sourceTree = "<group>"; };
		94CE75AC23E5284C00A84ABC /* saltunnel-test */ = {isa = PBXFileReference; explicitFileType = "compiled.mach-o.executable"; includeInIndex = 0; path = "saltunnel-test"; sourceTree = BUILT_PRODUCTS_DIR; };
		94D2234B243A44C400EED0E8 /* saltunnel_client_main.c */ = {isa = PBXFileReference; fileEncoding = 4; lastKnownFileType = sourcecode.c.c; path = saltunnel_client_main.c; sourceTree = "<group>"; };
		94D2234D243A44CC00EED0E8 /* saltunnel_server_main.c */ = {isa = PBXFileReference; fileEncoding = 4; lastKnownFileType = sourcecode.c.c; path = saltunnel_server_main.c; sourceTree = "<group>"; };
		94ED0383240CAF9B0093920F /* saltunnel-client */ = {isa = PBXFileReference; explicitFileType = "compiled.mach-o.executable"; includeInIndex = 0; path = "saltunnel-client"; sourceTree = BUILT_PRODUCTS_DIR; };
		94ED03C6240CB2230093920F /* saltunnel-server */ = {isa = PBXFileReference; explicitFileType = "compiled.mach-o.executable"; includeInIndex = 0; path = "saltunnel-server"; sourceTree = BUILT_PRODUCTS_DIR; };
/* End PBXFileReference section */

/* Begin PBXFrameworksBuildPhase section */
		94CE75A923E5284C00A84ABC /* Frameworks */ = {
			isa = PBXFrameworksBuildPhase;
			buildActionMask = 2147483647;
			files = (
			);
			runOnlyForDeploymentPostprocessing = 0;
		};
		94ED0380240CAF9B0093920F /* Frameworks */ = {
			isa = PBXFrameworksBuildPhase;
			buildActionMask = 2147483647;
			files = (
			);
			runOnlyForDeploymentPostprocessing = 0;
		};
		94ED03C3240CB2230093920F /* Frameworks */ = {
			isa = PBXFrameworksBuildPhase;
			buildActionMask = 2147483647;
			files = (
			);
			runOnlyForDeploymentPostprocessing = 0;
		};
/* End PBXFrameworksBuildPhase section */

/* Begin PBXGroup section */
		94CE75A323E5284C00A84ABC = {
			isa = PBXGroup;
			children = (
				94CE75AE23E5284C00A84ABC /* saltunnel */,
				94ED0384240CAF9B0093920F /* saltunnel-client */,
				94ED03C7240CB2230093920F /* saltunnel-server */,
				94CE75AD23E5284C00A84ABC /* Products */,
			);
			sourceTree = "<group>";
		};
		94CE75AD23E5284C00A84ABC /* Products */ = {
			isa = PBXGroup;
			children = (
				94CE75AC23E5284C00A84ABC /* saltunnel-test */,
				94ED0383240CAF9B0093920F /* saltunnel-client */,
				94ED03C6240CB2230093920F /* saltunnel-server */,
			);
			name = Products;
			sourceTree = "<group>";
		};
		94CE75AE23E5284C00A84ABC /* saltunnel */ = {
			isa = PBXGroup;
			children = (
				942971C32401895100DAC1E2 /* chaos.c */,
				942971AF2401895000DAC1E2 /* chaos.h */,
				942971A12401895000DAC1E2 /* config.h */,
				942971A02401895000DAC1E2 /* crypto_secretbox_chacha20poly1305.c */,
				942971A72401895000DAC1E2 /* crypto_secretbox_chacha20poly1305.h */,
				942971AA2401895000DAC1E2 /* crypto_secretbox_salsa20poly1305.c */,
				942971982401894F00DAC1E2 /* crypto_secretbox_salsa20poly1305.h */,
				942971A52401895000DAC1E2 /* crypto_secretbox_salsa208poly1305.c */,
				942971992401894F00DAC1E2 /* crypto_secretbox_salsa208poly1305.h */,
				942971BF2401895100DAC1E2 /* crypto_secretbox_salsa2012poly1305.c */,
				942971AE2401895000DAC1E2 /* crypto_secretbox_salsa2012poly1305.h */,
				942971C22401895100DAC1E2 /* cryptostream_decrypt_feed.c */,
				942971B12401895000DAC1E2 /* cryptostream_decrypt_parallel.c */,
				942971A82401895000DAC1E2 /* cryptostream_decrypt.c */,
				942971C12401895100DAC1E2 /* cryptostream_encrypt_feed.c */,
				9429719A2401894F00DAC1E2 /* cryptostream_encrypt_parallel.c */,
				942971AB2401895000DAC1E2 /* cryptostream_encrypt.c */,
				942971B32401895000DAC1E2 /* cryptostream_vector.c */,
				9490E236246FA4620012A652 /* cryptostream_vector.test.h */,
				9490E237246FA4620012A652 /* cryptostream_vector.test.c */,
				942971BB2401895100DAC1E2 /* cryptostream.h */,
				9429719B2401894F00DAC1E2 /* log.c */,
				942971BA2401895100DAC1E2 /* log.h */,
				9490E230246F9A1D0012A652 /* log.test.h */,
				9490E231246F9A1D0012A652 /* log.test.c */,
				942971962401894F00DAC1E2 /* saltunnel_test_main.c */,
				942971BD2401895100DAC1E2 /* saltunnel.test.c */,
				942971B02401895000DAC1E2 /* saltunnel.test.h */,
				942971A32401895000DAC1E2 /* math.h */,
				9429719C2401894F00DAC1E2 /* nonce.c */,
				942971A42401895000DAC1E2 /* nonce.h */,
				94011EF2242322D8005AD00A /* nonce.test.c */,
				94011EF1242322D8005AD00A /* nonce.test.h */,
				9429719D2401895000DAC1E2 /* oops.c */,
				942971BC2401895100DAC1E2 /* oops.h */,
				9415876224136BB200CA793A /* hypercounter.h */,
				9415876324136BB200CA793A /* hypercounter.c */,
				9415876B2418880C00CA793A /* cache.h */,
				9415876C2418880C00CA793A /* cache.c */,
				941587782419B6A300CA793A /* cache.test.c */,
				9415877A2419B6BC00CA793A /* cache.test.h */,
				942971972401894F00DAC1E2 /* saltunnel_kx.c */,
				942971A62401895000DAC1E2 /* saltunnel_kx.h */,
				942971932401894F00DAC1E2 /* saltunnel_mx_parallel.c */,
				942971A22401895000DAC1E2 /* saltunnel_mx_serial.c */,
				942971C42401895100DAC1E2 /* saltunnel_mx.h */,
				942971B72401895000DAC1E2 /* saltunnel_tcp_client_forwarder.c */,
				942971952401894F00DAC1E2 /* saltunnel_tcp_client_forwarder.h */,
				942971C52401895100DAC1E2 /* saltunnel_tcp_server_forwarder.c */,
				942971C02401895100DAC1E2 /* saltunnel_tcp_server_forwarder.h */,
				9490E233246FA08D0012A652 /* saltunnel_tcp_forwarder.test.h */,
				9490E234246FA08D0012A652 /* saltunnel_tcp_forwarder.test.c */,
				942971AC2401895000DAC1E2 /* saltunnel.c */,
				942971C62401895100DAC1E2 /* saltunnel.h */,
				942971A92401895000DAC1E2 /* stopwatch.c */,
				942971AD2401895000DAC1E2 /* stopwatch.h */,
				9490E239246FA5AD0012A652 /* test.h */,
				9490E23A246FA5AD0012A652 /* test.c */,
				9429719F2401895000DAC1E2 /* tcpclient.c */,
				9429719E2401895000DAC1E2 /* tcpclient.h */,
				942971B42401895000DAC1E2 /* tcpserver.c */,
				942971B92401895000DAC1E2 /* tcpserver.h */,
				942971B62401895000DAC1E2 /* threadpool_barrier.c */,
				942971942401894F00DAC1E2 /* threadpool_barrier.h */,
				942971C72401895100DAC1E2 /* threadpool.c */,
				942971C82401895100DAC1E2 /* threadpool.h */,
				942971B22401895000DAC1E2 /* uint16.c */,
				942971B82401895000DAC1E2 /* uint16.h */,
				9415876E24188B5C00CA793A /* uint32.c */,
				9415877024188B5C00CA793A /* uint32.h */,
				9415876624186F2700CA793A /* uint64.c */,
				9415876724186F2800CA793A /* uint64.h */,
				942971BE2401895100DAC1E2 /* rwn.c */,
				942971B52401895000DAC1E2 /* rwn.h */,
				9490E22D246F98BF0012A652 /* rwn.test.h */,
				9490E22E246F98BF0012A652 /* rwn.test.c */,
			);
			path = saltunnel;
			sourceTree = "<group>";
		};
		94ED0384240CAF9B0093920F /* saltunnel-client */ = {
			isa = PBXGroup;
			children = (
				94D2234B243A44C400EED0E8 /* saltunnel_client_main.c */,
			);
			path = "saltunnel-client";
			sourceTree = "<group>";
		};
		94ED03C7240CB2230093920F /* saltunnel-server */ = {
			isa = PBXGroup;
			children = (
				94D2234D243A44CC00EED0E8 /* saltunnel_server_main.c */,
			);
			path = "saltunnel-server";
			sourceTree = "<group>";
		};
/* End PBXGroup section */

/* Begin PBXNativeTarget section */
		94CE75AB23E5284C00A84ABC /* saltunnel-test */ = {
			isa = PBXNativeTarget;
			buildConfigurationList = 94CE75B323E5284C00A84ABC /* Build configuration list for PBXNativeTarget "saltunnel-test" */;
			buildPhases = (
				94CE75A823E5284C00A84ABC /* Sources */,
				94CE75A923E5284C00A84ABC /* Frameworks */,
				94CE75AA23E5284C00A84ABC /* CopyFiles */,
			);
			buildRules = (
			);
			dependencies = (
			);
			name = "saltunnel-test";
			productName = saltunnel;
			productReference = 94CE75AC23E5284C00A84ABC /* saltunnel-test */;
			productType = "com.apple.product-type.tool";
		};
		94ED0382240CAF9B0093920F /* saltunnel-client */ = {
			isa = PBXNativeTarget;
			buildConfigurationList = 94ED0389240CAF9B0093920F /* Build configuration list for PBXNativeTarget "saltunnel-client" */;
			buildPhases = (
				94ED037F240CAF9B0093920F /* Sources */,
				94ED0380240CAF9B0093920F /* Frameworks */,
				94ED0381240CAF9B0093920F /* CopyFiles */,
			);
			buildRules = (
			);
			dependencies = (
			);
			name = "saltunnel-client";
			productName = "saltunnel-client";
			productReference = 94ED0383240CAF9B0093920F /* saltunnel-client */;
			productType = "com.apple.product-type.tool";
		};
		94ED03C5240CB2230093920F /* saltunnel-server */ = {
			isa = PBXNativeTarget;
			buildConfigurationList = 94ED03CA240CB2230093920F /* Build configuration list for PBXNativeTarget "saltunnel-server" */;
			buildPhases = (
				94ED03C2240CB2230093920F /* Sources */,
				94ED03C3240CB2230093920F /* Frameworks */,
				94ED03C4240CB2230093920F /* CopyFiles */,
			);
			buildRules = (
			);
			dependencies = (
			);
			name = "saltunnel-server";
			productName = "saltunnel-server";
			productReference = 94ED03C6240CB2230093920F /* saltunnel-server */;
			productType = "com.apple.product-type.tool";
		};
/* End PBXNativeTarget section */

/* Begin PBXProject section */
		94CE75A423E5284C00A84ABC /* Project object */ = {
			isa = PBXProject;
			attributes = {
				LastUpgradeCheck = 1130;
				ORGANIZATIONNAME = "Jay Sullivan";
				TargetAttributes = {
					94CE75AB23E5284C00A84ABC = {
						CreatedOnToolsVersion = 11.3;
					};
					94ED0382240CAF9B0093920F = {
						CreatedOnToolsVersion = 11.3;
					};
					94ED03C5240CB2230093920F = {
						CreatedOnToolsVersion = 11.3;
					};
				};
			};
			buildConfigurationList = 94CE75A723E5284C00A84ABC /* Build configuration list for PBXProject "saltunnel" */;
			compatibilityVersion = "Xcode 9.3";
			developmentRegion = en;
			hasScannedForEncodings = 0;
			knownRegions = (
				en,
				Base,
			);
			mainGroup = 94CE75A323E5284C00A84ABC;
			productRefGroup = 94CE75AD23E5284C00A84ABC /* Products */;
			projectDirPath = "";
			projectRoot = "";
			targets = (
				94CE75AB23E5284C00A84ABC /* saltunnel-test */,
				94ED0382240CAF9B0093920F /* saltunnel-client */,
				94ED03C5240CB2230093920F /* saltunnel-server */,
			);
		};
/* End PBXProject section */

/* Begin PBXSourcesBuildPhase section */
		94CE75A823E5284C00A84ABC /* Sources */ = {
			isa = PBXSourcesBuildPhase;
			buildActionMask = 2147483647;
			files = (
				9490E23B246FA5AD0012A652 /* test.c in Sources */,
				94ED03EB240CB82D0093920F /* chaos.c in Sources */,
				94ED03EC240CB82D0093920F /* chaos.h in Sources */,
				94ED03ED240CB82D0093920F /* config.h in Sources */,
				94ED03EE240CB82D0093920F /* crypto_secretbox_chacha20poly1305.c in Sources */,
				94ED03EF240CB82D0093920F /* crypto_secretbox_chacha20poly1305.h in Sources */,
				94ED03F0240CB82D0093920F /* crypto_secretbox_salsa20poly1305.c in Sources */,
				94ED03F1240CB82D0093920F /* crypto_secretbox_salsa20poly1305.h in Sources */,
				94ED03F2240CB82D0093920F /* crypto_secretbox_salsa208poly1305.c in Sources */,
				94ED03F3240CB82D0093920F /* crypto_secretbox_salsa208poly1305.h in Sources */,
				94ED03F4240CB82D0093920F /* crypto_secretbox_salsa2012poly1305.c in Sources */,
				94ED03F5240CB82D0093920F /* crypto_secretbox_salsa2012poly1305.h in Sources */,
				94ED03F6240CB82D0093920F /* cryptostream_decrypt_feed.c in Sources */,
				94ED03F7240CB82D0093920F /* cryptostream_decrypt_parallel.c in Sources */,
				94ED03F8240CB82D0093920F /* cryptostream_decrypt.c in Sources */,
				94ED03F9240CB82D0093920F /* cryptostream_encrypt_feed.c in Sources */,
				94ED03FA240CB82D0093920F /* cryptostream_encrypt_parallel.c in Sources */,
				94ED03FB240CB82D0093920F /* cryptostream_encrypt.c in Sources */,
				94ED03FC240CB82D0093920F /* cryptostream_vector.c in Sources */,
				94ED03FD240CB82D0093920F /* cryptostream.h in Sources */,
				94ED03FE240CB82D0093920F /* log.c in Sources */,
				94ED03FF240CB82D0093920F /* log.h in Sources */,
				94ED0400240CB82D0093920F /* saltunnel_test_main.c in Sources */,
				94ED0401240CB82D0093920F /* saltunnel.test.c in Sources */,
				94ED0402240CB82D0093920F /* saltunnel.test.h in Sources */,
				94ED0403240CB82D0093920F /* math.h in Sources */,
				94ED0404240CB82D0093920F /* nonce.c in Sources */,
				94ED0405240CB82D0093920F /* nonce.h in Sources */,
				94ED0406240CB82D0093920F /* oops.c in Sources */,
				94ED0407240CB82D0093920F /* oops.h in Sources */,
				94ED0408240CB82D0093920F /* saltunnel_kx.c in Sources */,
				94ED0409240CB82D0093920F /* saltunnel_kx.h in Sources */,
				94ED040A240CB82D0093920F /* saltunnel_mx_parallel.c in Sources */,
				9415876D2418880C00CA793A /* cache.c in Sources */,
				9490E232246F9A1D0012A652 /* log.test.c in Sources */,
				941587792419B6A300CA793A /* cache.test.c in Sources */,
				9415877224188B5D00CA793A /* uint32.c in Sources */,
				94011EF3242322D8005AD00A /* nonce.test.c in Sources */,
				94ED040B240CB82D0093920F /* saltunnel_mx_serial.c in Sources */,
				94ED040C240CB82D0093920F /* saltunnel_mx.h in Sources */,
				94ED040D240CB82D0093920F /* saltunnel_tcp_client_forwarder.c in Sources */,
				9490E235246FA08D0012A652 /* saltunnel_tcp_forwarder.test.c in Sources */,
				94ED040E240CB82D0093920F /* saltunnel_tcp_client_forwarder.h in Sources */,
				94ED040F240CB82D0093920F /* saltunnel_tcp_server_forwarder.c in Sources */,
				9415876924186F2800CA793A /* uint64.c in Sources */,
				94ED0410240CB82D0093920F /* saltunnel_tcp_server_forwarder.h in Sources */,
				94ED0411240CB82D0093920F /* saltunnel.c in Sources */,
				94ED0412240CB82D0093920F /* saltunnel.h in Sources */,
				94ED0413240CB82D0093920F /* stopwatch.c in Sources */,
				9415876424136BB200CA793A /* hypercounter.c in Sources */,
				94ED0414240CB82D0093920F /* stopwatch.h in Sources */,
				94ED0415240CB82D0093920F /* tcpclient.c in Sources */,
				94ED0416240CB82D0093920F /* tcpclient.h in Sources */,
				94ED0417240CB82D0093920F /* tcpserver.c in Sources */,
				94ED0418240CB82D0093920F /* tcpserver.h in Sources */,
				94ED0419240CB82D0093920F /* threadpool_barrier.c in Sources */,
				94ED041A240CB82D0093920F /* threadpool_barrier.h in Sources */,
				9490E238246FA4620012A652 /* cryptostream_vector.test.c in Sources */,
				94ED041B240CB82D0093920F /* threadpool.c in Sources */,
				94ED041C240CB82D0093920F /* threadpool.h in Sources */,
				94ED041D240CB82D0093920F /* uint16.c in Sources */,
				9490E22F246F98BF0012A652 /* rwn.test.c in Sources */,
				94ED041E240CB82D0093920F /* uint16.h in Sources */,
				94ED041F240CB82D0093920F /* rwn.c in Sources */,
				94ED0420240CB82D0093920F /* rwn.h in Sources */,
			);
			runOnlyForDeploymentPostprocessing = 0;
		};
		94ED037F240CAF9B0093920F /* Sources */ = {
			isa = PBXSourcesBuildPhase;
			buildActionMask = 2147483647;
			files = (
				94D22351243A4ECE00EED0E8 /* uint64.c in Sources */,
				94D22352243A4ECE00EED0E8 /* uint64.h in Sources */,
				94D22350243A4EB300EED0E8 /* hypercounter.c in Sources */,
				94D2234F243A4EAD00EED0E8 /* hypercounter.h in Sources */,
				94ED038A240CB08A0093920F /* chaos.c in Sources */,
				94ED038B240CB08A0093920F /* chaos.h in Sources */,
				94ED038C240CB08A0093920F /* config.h in Sources */,
				94ED038D240CB08A0093920F /* crypto_secretbox_chacha20poly1305.c in Sources */,
				94ED038E240CB08A0093920F /* crypto_secretbox_chacha20poly1305.h in Sources */,
				94ED038F240CB08A0093920F /* crypto_secretbox_salsa20poly1305.c in Sources */,
				94ED0390240CB08A0093920F /* crypto_secretbox_salsa20poly1305.h in Sources */,
				94ED0391240CB08A0093920F /* crypto_secretbox_salsa208poly1305.c in Sources */,
				94ED0392240CB08A0093920F /* crypto_secretbox_salsa208poly1305.h in Sources */,
				94ED0393240CB08A0093920F /* crypto_secretbox_salsa2012poly1305.c in Sources */,
				94ED0394240CB08A0093920F /* crypto_secretbox_salsa2012poly1305.h in Sources */,
				94ED0395240CB08A0093920F /* cryptostream_decrypt_feed.c in Sources */,
				94ED0396240CB08A0093920F /* cryptostream_decrypt_parallel.c in Sources */,
				94ED0397240CB08A0093920F /* cryptostream_decrypt.c in Sources */,
				94D2234C243A44C400EED0E8 /* saltunnel_client_main.c in Sources */,
				94ED0398240CB08A0093920F /* cryptostream_encrypt_feed.c in Sources */,
				94ED0399240CB08A0093920F /* cryptostream_encrypt_parallel.c in Sources */,
				94ED039A240CB08A0093920F /* cryptostream_encrypt.c in Sources */,
				94ED039B240CB08A0093920F /* cryptostream_vector.c in Sources */,
				94ED039C240CB08A0093920F /* cryptostream.h in Sources */,
				94ED039D240CB08A0093920F /* log.c in Sources */,
				94ED039E240CB08A0093920F /* log.h in Sources */,
				94ED03A0240CB08A0093920F /* math.h in Sources */,
				94ED03A1240CB08A0093920F /* nonce.c in Sources */,
				94ED03A2240CB08A0093920F /* nonce.h in Sources */,
				94ED03A3240CB08A0093920F /* oops.c in Sources */,
				94ED03A4240CB08A0093920F /* oops.h in Sources */,
				94ED03A7240CB08A0093920F /* saltunnel_kx.c in Sources */,
				94ED03A8240CB08A0093920F /* saltunnel_kx.h in Sources */,
				94ED03A9240CB08A0093920F /* saltunnel_mx_parallel.c in Sources */,
				94ED03AA240CB08A0093920F /* saltunnel_mx_serial.c in Sources */,
				94ED03AB240CB08A0093920F /* saltunnel_mx.h in Sources */,
				94ED03AC240CB08B0093920F /* saltunnel_tcp_client_forwarder.c in Sources */,
				94ED03AD240CB08B0093920F /* saltunnel_tcp_client_forwarder.h in Sources */,
				94ED03AE240CB08B0093920F /* saltunnel_tcp_server_forwarder.c in Sources */,
				94ED03AF240CB08B0093920F /* saltunnel_tcp_server_forwarder.h in Sources */,
				9415877324188B5D00CA793A /* uint32.c in Sources */,
				94ED03B0240CB08B0093920F /* saltunnel.c in Sources */,
				94ED03B1240CB08B0093920F /* saltunnel.h in Sources */,
				94ED03B2240CB08B0093920F /* stopwatch.c in Sources */,
				94ED03B3240CB08B0093920F /* stopwatch.h in Sources */,
				94ED03B4240CB08B0093920F /* tcpclient.c in Sources */,
				94ED03B5240CB08B0093920F /* tcpclient.h in Sources */,
				94ED03B6240CB08B0093920F /* tcpserver.c in Sources */,
				94ED03B7240CB08B0093920F /* tcpserver.h in Sources */,
				94ED03BA240CB08B0093920F /* threadpool_barrier.c in Sources */,
				94ED03BB240CB08B0093920F /* threadpool_barrier.h in Sources */,
				94ED03BC240CB08B0093920F /* threadpool.c in Sources */,
				94ED03BD240CB08B0093920F /* threadpool.h in Sources */,
				94ED03BE240CB08B0093920F /* uint16.c in Sources */,
				94ED03BF240CB08B0093920F /* uint16.h in Sources */,
				94ED03C0240CB08B0093920F /* rwn.c in Sources */,
				94ED03C1240CB08B0093920F /* rwn.h in Sources */,
			);
			runOnlyForDeploymentPostprocessing = 0;
		};
		94ED03C2240CB2230093920F /* Sources */ = {
			isa = PBXSourcesBuildPhase;
			buildActionMask = 2147483647;
			files = (
				94D22355243A66B400EED0E8 /* uint64.c in Sources */,
				94D22356243A66B400EED0E8 /* uint64.h in Sources */,
				94D22353243A66A500EED0E8 /* hypercounter.h in Sources */,
				94D22354243A66A500EED0E8 /* hypercounter.c in Sources */,
				94ED03CD240CB23C0093920F /* chaos.c in Sources */,
				94ED03CE240CB23C0093920F /* crypto_secretbox_chacha20poly1305.c in Sources */,
				94ED03CF240CB23C0093920F /* crypto_secretbox_salsa20poly1305.c in Sources */,
				94ED03D0240CB23C0093920F /* crypto_secretbox_salsa208poly1305.c in Sources */,
				94ED03D1240CB23C0093920F /* crypto_secretbox_salsa2012poly1305.c in Sources */,
				94ED03D2240CB23C0093920F /* cryptostream_decrypt_feed.c in Sources */,
				94ED03D3240CB23C0093920F /* cryptostream_decrypt_parallel.c in Sources */,
				9415877424188B5D00CA793A /* uint32.c in Sources */,
				94ED03D4240CB23C0093920F /* cryptostream_decrypt.c in Sources */,
				94ED03D5240CB23C0093920F /* cryptostream_encrypt_feed.c in Sources */,
				94ED03D6240CB23C0093920F /* cryptostream_encrypt_parallel.c in Sources */,
				94ED03D7240CB23C0093920F /* cryptostream_encrypt.c in Sources */,
				94ED03D8240CB23C0093920F /* cryptostream_vector.c in Sources */,
				94ED03D9240CB23C0093920F /* log.c in Sources */,
				94D2234E243A44CC00EED0E8 /* saltunnel_server_main.c in Sources */,
				94ED03DB240CB23C0093920F /* nonce.c in Sources */,
				94ED03DC240CB23C0093920F /* oops.c in Sources */,
				94ED03DE240CB23C0093920F /* saltunnel_kx.c in Sources */,
				94ED03DF240CB23C0093920F /* saltunnel_mx_parallel.c in Sources */,
				94ED03E0240CB23C0093920F /* saltunnel_mx_serial.c in Sources */,
				94ED03E1240CB23C0093920F /* saltunnel_tcp_client_forwarder.c in Sources */,
				94ED03E2240CB23C0093920F /* saltunnel_tcp_server_forwarder.c in Sources */,
				94ED03E3240CB23C0093920F /* saltunnel.c in Sources */,
				94ED03E4240CB23C0093920F /* stopwatch.c in Sources */,
				94ED03E5240CB23C0093920F /* tcpclient.c in Sources */,
				94ED03E6240CB23C0093920F /* tcpserver.c in Sources */,
				94ED03E7240CB23C0093920F /* threadpool_barrier.c in Sources */,
				94ED03E8240CB23C0093920F /* threadpool.c in Sources */,
				94ED03E9240CB23C0093920F /* uint16.c in Sources */,
				94ED03EA240CB23C0093920F /* rwn.c in Sources */,
			);
			runOnlyForDeploymentPostprocessing = 0;
		};
/* End PBXSourcesBuildPhase section */

/* Begin XCBuildConfiguration section */
		94CE75B123E5284C00A84ABC /* Debug */ = {
			isa = XCBuildConfiguration;
			buildSettings = {
				ALWAYS_SEARCH_USER_PATHS = NO;
				CLANG_ANALYZER_NONNULL = YES;
				CLANG_ANALYZER_NUMBER_OBJECT_CONVERSION = YES_AGGRESSIVE;
				CLANG_CXX_LANGUAGE_STANDARD = "gnu++14";
				CLANG_CXX_LIBRARY = "libc++";
				CLANG_ENABLE_MODULES = YES;
				CLANG_ENABLE_OBJC_ARC = YES;
				CLANG_ENABLE_OBJC_WEAK = YES;
				CLANG_WARN_BLOCK_CAPTURE_AUTORELEASING = YES;
				CLANG_WARN_BOOL_CONVERSION = YES;
				CLANG_WARN_COMMA = YES;
				CLANG_WARN_CONSTANT_CONVERSION = YES;
				CLANG_WARN_DEPRECATED_OBJC_IMPLEMENTATIONS = YES;
				CLANG_WARN_DIRECT_OBJC_ISA_USAGE = YES_ERROR;
				CLANG_WARN_DOCUMENTATION_COMMENTS = YES;
				CLANG_WARN_EMPTY_BODY = YES;
				CLANG_WARN_ENUM_CONVERSION = YES;
				CLANG_WARN_INFINITE_RECURSION = YES;
				CLANG_WARN_INT_CONVERSION = YES;
				CLANG_WARN_NON_LITERAL_NULL_CONVERSION = YES;
				CLANG_WARN_OBJC_IMPLICIT_RETAIN_SELF = YES;
				CLANG_WARN_OBJC_LITERAL_CONVERSION = YES;
				CLANG_WARN_OBJC_ROOT_CLASS = YES_ERROR;
				CLANG_WARN_RANGE_LOOP_ANALYSIS = YES;
				CLANG_WARN_STRICT_PROTOTYPES = YES;
				CLANG_WARN_SUSPICIOUS_MOVE = YES;
				CLANG_WARN_UNGUARDED_AVAILABILITY = YES_AGGRESSIVE;
				CLANG_WARN_UNREACHABLE_CODE = YES;
				CLANG_WARN__DUPLICATE_METHOD_MATCH = YES;
				COPY_PHASE_STRIP = NO;
				DEBUG_INFORMATION_FORMAT = dwarf;
				ENABLE_STRICT_OBJC_MSGSEND = YES;
				ENABLE_TESTABILITY = YES;
				GCC_C_LANGUAGE_STANDARD = gnu11;
				GCC_DYNAMIC_NO_PIC = NO;
				GCC_NO_COMMON_BLOCKS = YES;
				GCC_OPTIMIZATION_LEVEL = 0;
				GCC_PREPROCESSOR_DEFINITIONS = (
					"DEBUG=1",
					"$(inherited)",
				);
				GCC_WARN_64_TO_32_BIT_CONVERSION = YES;
				GCC_WARN_ABOUT_RETURN_TYPE = YES_ERROR;
				GCC_WARN_UNDECLARED_SELECTOR = YES;
				GCC_WARN_UNINITIALIZED_AUTOS = YES_AGGRESSIVE;
				GCC_WARN_UNUSED_FUNCTION = YES;
				GCC_WARN_UNUSED_VARIABLE = YES;
				"HEADER_SEARCH_PATHS[arch=*]" = /usr/local/include;
				"LIBRARY_SEARCH_PATHS[arch=*]" = /usr/local/lib;
				MACOSX_DEPLOYMENT_TARGET = 10.15;
				MTL_ENABLE_DEBUG_INFO = INCLUDE_SOURCE;
				MTL_FAST_MATH = YES;
				ONLY_ACTIVE_ARCH = YES;
				"OTHER_LDFLAGS[arch=*]" = "-lsodium";
				SDKROOT = macosx;
			};
			name = Debug;
		};
		94CE75B223E5284C00A84ABC /* Release */ = {
			isa = XCBuildConfiguration;
			buildSettings = {
				ALWAYS_SEARCH_USER_PATHS = NO;
				CLANG_ANALYZER_NONNULL = YES;
				CLANG_ANALYZER_NUMBER_OBJECT_CONVERSION = YES_AGGRESSIVE;
				CLANG_CXX_LANGUAGE_STANDARD = "gnu++14";
				CLANG_CXX_LIBRARY = "libc++";
				CLANG_ENABLE_MODULES = YES;
				CLANG_ENABLE_OBJC_ARC = YES;
				CLANG_ENABLE_OBJC_WEAK = YES;
				CLANG_WARN_BLOCK_CAPTURE_AUTORELEASING = YES;
				CLANG_WARN_BOOL_CONVERSION = YES;
				CLANG_WARN_COMMA = YES;
				CLANG_WARN_CONSTANT_CONVERSION = YES;
				CLANG_WARN_DEPRECATED_OBJC_IMPLEMENTATIONS = YES;
				CLANG_WARN_DIRECT_OBJC_ISA_USAGE = YES_ERROR;
				CLANG_WARN_DOCUMENTATION_COMMENTS = YES;
				CLANG_WARN_EMPTY_BODY = YES;
				CLANG_WARN_ENUM_CONVERSION = YES;
				CLANG_WARN_INFINITE_RECURSION = YES;
				CLANG_WARN_INT_CONVERSION = YES;
				CLANG_WARN_NON_LITERAL_NULL_CONVERSION = YES;
				CLANG_WARN_OBJC_IMPLICIT_RETAIN_SELF = YES;
				CLANG_WARN_OBJC_LITERAL_CONVERSION = YES;
				CLANG_WARN_OBJC_ROOT_CLASS = YES_ERROR;
				CLANG_WARN_RANGE_LOOP_ANALYSIS = YES;
				CLANG_WARN_STRICT_PROTOTYPES = YES;
				CLANG_WARN_SUSPICIOUS_MOVE = YES;
				CLANG_WARN_UNGUARDED_AVAILABILITY = YES_AGGRESSIVE;
				CLANG_WARN_UNREACHABLE_CODE = YES;
				CLANG_WARN__DUPLICATE_METHOD_MATCH = YES;
				COPY_PHASE_STRIP = NO;
				DEBUG_INFORMATION_FORMAT = "dwarf-with-dsym";
				ENABLE_NS_ASSERTIONS = NO;
				ENABLE_STRICT_OBJC_MSGSEND = YES;
				GCC_C_LANGUAGE_STANDARD = gnu11;
				GCC_NO_COMMON_BLOCKS = YES;
				GCC_WARN_64_TO_32_BIT_CONVERSION = YES;
				GCC_WARN_ABOUT_RETURN_TYPE = YES_ERROR;
				GCC_WARN_UNDECLARED_SELECTOR = YES;
				GCC_WARN_UNINITIALIZED_AUTOS = YES_AGGRESSIVE;
				GCC_WARN_UNUSED_FUNCTION = YES;
				GCC_WARN_UNUSED_VARIABLE = YES;
				"HEADER_SEARCH_PATHS[arch=*]" = /usr/local/include;
				"LIBRARY_SEARCH_PATHS[arch=*]" = /usr/local/lib;
				MACOSX_DEPLOYMENT_TARGET = 10.15;
				MTL_ENABLE_DEBUG_INFO = NO;
				MTL_FAST_MATH = YES;
				"OTHER_LDFLAGS[arch=*]" = "-lsodium";
				SDKROOT = macosx;
			};
			name = Release;
		};
		94CE75B423E5284C00A84ABC /* Debug */ = {
			isa = XCBuildConfiguration;
			buildSettings = {
				CODE_SIGN_STYLE = Automatic;
				PRODUCT_NAME = "$(TARGET_NAME)";
			};
			name = Debug;
		};
		94CE75B523E5284C00A84ABC /* Release */ = {
			isa = XCBuildConfiguration;
			buildSettings = {
				CODE_SIGN_STYLE = Automatic;
				PRODUCT_NAME = "$(TARGET_NAME)";
			};
			name = Release;
		};
		94ED0387240CAF9B0093920F /* Debug */ = {
			isa = XCBuildConfiguration;
			buildSettings = {
				CODE_SIGN_STYLE = Automatic;
				DEVELOPMENT_ASSET_PATHS = "";
				PRODUCT_NAME = "$(TARGET_NAME)";
			};
			name = Debug;
		};
		94ED0388240CAF9B0093920F /* Release */ = {
			isa = XCBuildConfiguration;
			buildSettings = {
				CODE_SIGN_STYLE = Automatic;
				DEVELOPMENT_ASSET_PATHS = "";
				PRODUCT_NAME = "$(TARGET_NAME)";
			};
			name = Release;
		};
		94ED03CB240CB2230093920F /* Debug */ = {
			isa = XCBuildConfiguration;
			buildSettings = {
				CODE_SIGN_STYLE = Automatic;
				PRODUCT_NAME = "$(TARGET_NAME)";
			};
			name = Debug;
		};
		94ED03CC240CB2230093920F /* Release */ = {
			isa = XCBuildConfiguration;
			buildSettings = {
				CODE_SIGN_STYLE = Automatic;
				PRODUCT_NAME = "$(TARGET_NAME)";
			};
			name = Release;
		};
/* End XCBuildConfiguration section */

/* Begin XCConfigurationList section */
		94CE75A723E5284C00A84ABC /* Build configuration list for PBXProject "saltunnel" */ = {
			isa = XCConfigurationList;
			buildConfigurations = (
				94CE75B123E5284C00A84ABC /* Debug */,
				94CE75B223E5284C00A84ABC /* Release */,
			);
			defaultConfigurationIsVisible = 0;
			defaultConfigurationName = Release;
		};
		94CE75B323E5284C00A84ABC /* Build configuration list for PBXNativeTarget "saltunnel-test" */ = {
			isa = XCConfigurationList;
			buildConfigurations = (
				94CE75B423E5284C00A84ABC /* Debug */,
				94CE75B523E5284C00A84ABC /* Release */,
			);
			defaultConfigurationIsVisible = 0;
			defaultConfigurationName = Release;
		};
		94ED0389240CAF9B0093920F /* Build configuration list for PBXNativeTarget "saltunnel-client" */ = {
			isa = XCConfigurationList;
			buildConfigurations = (
				94ED0387240CAF9B0093920F /* Debug */,
				94ED0388240CAF9B0093920F /* Release */,
			);
			defaultConfigurationIsVisible = 0;
			defaultConfigurationName = Release;
		};
		94ED03CA240CB2230093920F /* Build configuration list for PBXNativeTarget "saltunnel-server" */ = {
			isa = XCConfigurationList;
			buildConfigurations = (
				94ED03CB240CB2230093920F /* Debug */,
				94ED03CC240CB2230093920F /* Release */,
			);
			defaultConfigurationIsVisible = 0;
			defaultConfigurationName = Release;
		};
/* End XCConfigurationList section */
	};
	rootObject = 94CE75A423E5284C00A84ABC /* Project object */;
}
