// !$*UTF8*$!
{
	archiveVersion = 1;
	classes = {
	};
	objectVersion = 50;
	objects = {

/* Begin PBXBuildFile section */
		94209325239C8C9300D55AA5 /* main.c in Sources */ = {isa = PBXBuildFile; fileRef = 94209324239C8C9300D55AA5 /* main.c */; };
		94209332239C953F00D55AA5 /* saltunnel.c in Sources */ = {isa = PBXBuildFile; fileRef = 94209331239C953F00D55AA5 /* saltunnel.c */; };
		94209334239C99E900D55AA5 /* oops.c in Sources */ = {isa = PBXBuildFile; fileRef = 94209333239C99E900D55AA5 /* oops.c */; };
		94209338239C9B5A00D55AA5 /* log.c in Sources */ = {isa = PBXBuildFile; fileRef = 94209337239C9B5A00D55AA5 /* log.c */; };
		9420933B239CA46600D55AA5 /* cryptostream.c in Sources */ = {isa = PBXBuildFile; fileRef = 9420933A239CA46600D55AA5 /* cryptostream.c */; };
		9420933E239CCD4800D55AA5 /* test.c in Sources */ = {isa = PBXBuildFile; fileRef = 9420933D239CCD4800D55AA5 /* test.c */; };
		94209341239CD1E400D55AA5 /* uninterruptable.c in Sources */ = {isa = PBXBuildFile; fileRef = 94209340239CD1E400D55AA5 /* uninterruptable.c */; };
/* End PBXBuildFile section */

/* Begin PBXCopyFilesBuildPhase section */
		9420931F239C8C9300D55AA5 /* CopyFiles */ = {
			isa = PBXCopyFilesBuildPhase;
			buildActionMask = 2147483647;
			dstPath = /usr/share/man/man1/;
			dstSubfolderSpec = 0;
			files = (
			);
			runOnlyForDeploymentPostprocessing = 1;
		};
/* End PBXCopyFilesBuildPhase section */

/* Begin PBXFileReference section */
		94209321239C8C9300D55AA5 /* saltunnel2 */ = {isa = PBXFileReference; explicitFileType = "compiled.mach-o.executable"; includeInIndex = 0; path = saltunnel2; sourceTree = BUILT_PRODUCTS_DIR; };
		94209324239C8C9300D55AA5 /* main.c */ = {isa = PBXFileReference; lastKnownFileType = sourcecode.c.c; path = main.c; sourceTree = "<group>"; };
		94209330239C953F00D55AA5 /* saltunnel.h */ = {isa = PBXFileReference; lastKnownFileType = sourcecode.c.h; path = saltunnel.h; sourceTree = "<group>"; };
		94209331239C953F00D55AA5 /* saltunnel.c */ = {isa = PBXFileReference; lastKnownFileType = sourcecode.c.c; path = saltunnel.c; sourceTree = "<group>"; };
		94209333239C99E900D55AA5 /* oops.c */ = {isa = PBXFileReference; lastKnownFileType = sourcecode.c.c; path = oops.c; sourceTree = "<group>"; };
		94209335239C9A4900D55AA5 /* oops.h */ = {isa = PBXFileReference; lastKnownFileType = sourcecode.c.h; path = oops.h; sourceTree = "<group>"; };
		94209336239C9B5A00D55AA5 /* log.h */ = {isa = PBXFileReference; lastKnownFileType = sourcecode.c.h; path = log.h; sourceTree = "<group>"; };
		94209337239C9B5A00D55AA5 /* log.c */ = {isa = PBXFileReference; lastKnownFileType = sourcecode.c.c; path = log.c; sourceTree = "<group>"; };
		94209339239CA46600D55AA5 /* cryptostream.h */ = {isa = PBXFileReference; lastKnownFileType = sourcecode.c.h; path = cryptostream.h; sourceTree = "<group>"; };
		9420933A239CA46600D55AA5 /* cryptostream.c */ = {isa = PBXFileReference; lastKnownFileType = sourcecode.c.c; path = cryptostream.c; sourceTree = "<group>"; };
		9420933C239CCD4800D55AA5 /* test.h */ = {isa = PBXFileReference; lastKnownFileType = sourcecode.c.h; path = test.h; sourceTree = "<group>"; };
		9420933D239CCD4800D55AA5 /* test.c */ = {isa = PBXFileReference; lastKnownFileType = sourcecode.c.c; path = test.c; sourceTree = "<group>"; };
		9420933F239CD1E400D55AA5 /* uninterruptable.h */ = {isa = PBXFileReference; lastKnownFileType = sourcecode.c.h; path = uninterruptable.h; sourceTree = "<group>"; };
		94209340239CD1E400D55AA5 /* uninterruptable.c */ = {isa = PBXFileReference; lastKnownFileType = sourcecode.c.c; path = uninterruptable.c; sourceTree = "<group>"; };
/* End PBXFileReference section */

/* Begin PBXFrameworksBuildPhase section */
		9420931E239C8C9300D55AA5 /* Frameworks */ = {
			isa = PBXFrameworksBuildPhase;
			buildActionMask = 2147483647;
			files = (
			);
			runOnlyForDeploymentPostprocessing = 0;
		};
/* End PBXFrameworksBuildPhase section */

/* Begin PBXGroup section */
		94209318239C8C9300D55AA5 = {
			isa = PBXGroup;
			children = (
				94209323239C8C9300D55AA5 /* saltunnel2 */,
				94209322239C8C9300D55AA5 /* Products */,
			);
			sourceTree = "<group>";
		};
		94209322239C8C9300D55AA5 /* Products */ = {
			isa = PBXGroup;
			children = (
				94209321239C8C9300D55AA5 /* saltunnel2 */,
			);
			name = Products;
			sourceTree = "<group>";
		};
		94209323239C8C9300D55AA5 /* saltunnel2 */ = {
			isa = PBXGroup;
			children = (
				94209324239C8C9300D55AA5 /* main.c */,
				94209330239C953F00D55AA5 /* saltunnel.h */,
				94209331239C953F00D55AA5 /* saltunnel.c */,
				94209339239CA46600D55AA5 /* cryptostream.h */,
				9420933A239CA46600D55AA5 /* cryptostream.c */,
				94209336239C9B5A00D55AA5 /* log.h */,
				94209337239C9B5A00D55AA5 /* log.c */,
				94209333239C99E900D55AA5 /* oops.c */,
				94209335239C9A4900D55AA5 /* oops.h */,
				9420933C239CCD4800D55AA5 /* test.h */,
				9420933D239CCD4800D55AA5 /* test.c */,
				9420933F239CD1E400D55AA5 /* uninterruptable.h */,
				94209340239CD1E400D55AA5 /* uninterruptable.c */,
			);
			path = saltunnel2;
			sourceTree = "<group>";
		};
/* End PBXGroup section */

/* Begin PBXNativeTarget section */
		94209320239C8C9300D55AA5 /* saltunnel2 */ = {
			isa = PBXNativeTarget;
			buildConfigurationList = 94209328239C8C9300D55AA5 /* Build configuration list for PBXNativeTarget "saltunnel2" */;
			buildPhases = (
				9420931D239C8C9300D55AA5 /* Sources */,
				9420931E239C8C9300D55AA5 /* Frameworks */,
				9420931F239C8C9300D55AA5 /* CopyFiles */,
			);
			buildRules = (
			);
			dependencies = (
			);
			name = saltunnel2;
			productName = saltunnel2;
			productReference = 94209321239C8C9300D55AA5 /* saltunnel2 */;
			productType = "com.apple.product-type.tool";
		};
/* End PBXNativeTarget section */

/* Begin PBXProject section */
		94209319239C8C9300D55AA5 /* Project object */ = {
			isa = PBXProject;
			attributes = {
				LastUpgradeCheck = 1120;
				ORGANIZATIONNAME = "Jay Sullivan";
				TargetAttributes = {
					94209320239C8C9300D55AA5 = {
						CreatedOnToolsVersion = 11.2.1;
					};
				};
			};
			buildConfigurationList = 9420931C239C8C9300D55AA5 /* Build configuration list for PBXProject "saltunnel2" */;
			compatibilityVersion = "Xcode 9.3";
			developmentRegion = en;
			hasScannedForEncodings = 0;
			knownRegions = (
				en,
				Base,
			);
			mainGroup = 94209318239C8C9300D55AA5;
			productRefGroup = 94209322239C8C9300D55AA5 /* Products */;
			projectDirPath = "";
			projectRoot = "";
			targets = (
				94209320239C8C9300D55AA5 /* saltunnel2 */,
			);
		};
/* End PBXProject section */

/* Begin PBXSourcesBuildPhase section */
		9420931D239C8C9300D55AA5 /* Sources */ = {
			isa = PBXSourcesBuildPhase;
			buildActionMask = 2147483647;
			files = (
				94209338239C9B5A00D55AA5 /* log.c in Sources */,
				94209341239CD1E400D55AA5 /* uninterruptable.c in Sources */,
				9420933E239CCD4800D55AA5 /* test.c in Sources */,
				9420933B239CA46600D55AA5 /* cryptostream.c in Sources */,
				94209334239C99E900D55AA5 /* oops.c in Sources */,
				94209332239C953F00D55AA5 /* saltunnel.c in Sources */,
				94209325239C8C9300D55AA5 /* main.c in Sources */,
			);
			runOnlyForDeploymentPostprocessing = 0;
		};
/* End PBXSourcesBuildPhase section */

/* Begin XCBuildConfiguration section */
		94209326239C8C9300D55AA5 /* Debug */ = {
			isa = XCBuildConfiguration;
			buildSettings = {
				ALWAYS_SEARCH_USER_PATHS = NO;
				CLANG_ANALYZER_NONNULL = YES;
				CLANG_ANALYZER_NUMBER_OBJECT_CONVERSION = YES_AGGRESSIVE;
				CLANG_CXX_LANGUAGE_STANDARD = "gnu++14";
				CLANG_CXX_LIBRARY = "libc++";
				CLANG_ENABLE_MODULES = YES;
				CLANG_ENABLE_OBJC_ARC = YES;
				CLANG_ENABLE_OBJC_WEAK = YES;
				CLANG_WARN_BLOCK_CAPTURE_AUTORELEASING = YES;
				CLANG_WARN_BOOL_CONVERSION = YES;
				CLANG_WARN_COMMA = YES;
				CLANG_WARN_CONSTANT_CONVERSION = YES;
				CLANG_WARN_DEPRECATED_OBJC_IMPLEMENTATIONS = YES;
				CLANG_WARN_DIRECT_OBJC_ISA_USAGE = YES_ERROR;
				CLANG_WARN_DOCUMENTATION_COMMENTS = YES;
				CLANG_WARN_EMPTY_BODY = YES;
				CLANG_WARN_ENUM_CONVERSION = YES;
				CLANG_WARN_INFINITE_RECURSION = YES;
				CLANG_WARN_INT_CONVERSION = YES;
				CLANG_WARN_NON_LITERAL_NULL_CONVERSION = YES;
				CLANG_WARN_OBJC_IMPLICIT_RETAIN_SELF = YES;
				CLANG_WARN_OBJC_LITERAL_CONVERSION = YES;
				CLANG_WARN_OBJC_ROOT_CLASS = YES_ERROR;
				CLANG_WARN_RANGE_LOOP_ANALYSIS = YES;
				CLANG_WARN_STRICT_PROTOTYPES = YES;
				CLANG_WARN_SUSPICIOUS_MOVE = YES;
				CLANG_WARN_UNGUARDED_AVAILABILITY = YES_AGGRESSIVE;
				CLANG_WARN_UNREACHABLE_CODE = YES;
				CLANG_WARN__DUPLICATE_METHOD_MATCH = YES;
				COPY_PHASE_STRIP = NO;
				DEBUG_INFORMATION_FORMAT = dwarf;
				ENABLE_STRICT_OBJC_MSGSEND = YES;
				ENABLE_TESTABILITY = YES;
				GCC_C_LANGUAGE_STANDARD = gnu11;
				GCC_DYNAMIC_NO_PIC = NO;
				GCC_NO_COMMON_BLOCKS = YES;
				GCC_OPTIMIZATION_LEVEL = 0;
				GCC_PREPROCESSOR_DEFINITIONS = (
					"DEBUG=1",
					"$(inherited)",
				);
				GCC_WARN_64_TO_32_BIT_CONVERSION = YES;
				GCC_WARN_ABOUT_RETURN_TYPE = YES_ERROR;
				GCC_WARN_UNDECLARED_SELECTOR = YES;
				GCC_WARN_UNINITIALIZED_AUTOS = YES_AGGRESSIVE;
				GCC_WARN_UNUSED_FUNCTION = YES;
				GCC_WARN_UNUSED_VARIABLE = YES;
				MACOSX_DEPLOYMENT_TARGET = 10.14;
				MTL_ENABLE_DEBUG_INFO = INCLUDE_SOURCE;
				MTL_FAST_MATH = YES;
				ONLY_ACTIVE_ARCH = YES;
				SDKROOT = macosx;
			};
			name = Debug;
		};
		94209327239C8C9300D55AA5 /* Release */ = {
			isa = XCBuildConfiguration;
			buildSettings = {
				ALWAYS_SEARCH_USER_PATHS = NO;
				CLANG_ANALYZER_NONNULL = YES;
				CLANG_ANALYZER_NUMBER_OBJECT_CONVERSION = YES_AGGRESSIVE;
				CLANG_CXX_LANGUAGE_STANDARD = "gnu++14";
				CLANG_CXX_LIBRARY = "libc++";
				CLANG_ENABLE_MODULES = YES;
				CLANG_ENABLE_OBJC_ARC = YES;
				CLANG_ENABLE_OBJC_WEAK = YES;
				CLANG_WARN_BLOCK_CAPTURE_AUTORELEASING = YES;
				CLANG_WARN_BOOL_CONVERSION = YES;
				CLANG_WARN_COMMA = YES;
				CLANG_WARN_CONSTANT_CONVERSION = YES;
				CLANG_WARN_DEPRECATED_OBJC_IMPLEMENTATIONS = YES;
				CLANG_WARN_DIRECT_OBJC_ISA_USAGE = YES_ERROR;
				CLANG_WARN_DOCUMENTATION_COMMENTS = YES;
				CLANG_WARN_EMPTY_BODY = YES;
				CLANG_WARN_ENUM_CONVERSION = YES;
				CLANG_WARN_INFINITE_RECURSION = YES;
				CLANG_WARN_INT_CONVERSION = YES;
				CLANG_WARN_NON_LITERAL_NULL_CONVERSION = YES;
				CLANG_WARN_OBJC_IMPLICIT_RETAIN_SELF = YES;
				CLANG_WARN_OBJC_LITERAL_CONVERSION = YES;
				CLANG_WARN_OBJC_ROOT_CLASS = YES_ERROR;
				CLANG_WARN_RANGE_LOOP_ANALYSIS = YES;
				CLANG_WARN_STRICT_PROTOTYPES = YES;
				CLANG_WARN_SUSPICIOUS_MOVE = YES;
				CLANG_WARN_UNGUARDED_AVAILABILITY = YES_AGGRESSIVE;
				CLANG_WARN_UNREACHABLE_CODE = YES;
				CLANG_WARN__DUPLICATE_METHOD_MATCH = YES;
				COPY_PHASE_STRIP = NO;
				DEBUG_INFORMATION_FORMAT = "dwarf-with-dsym";
				ENABLE_NS_ASSERTIONS = NO;
				ENABLE_STRICT_OBJC_MSGSEND = YES;
				GCC_C_LANGUAGE_STANDARD = gnu11;
				GCC_NO_COMMON_BLOCKS = YES;
				GCC_WARN_64_TO_32_BIT_CONVERSION = YES;
				GCC_WARN_ABOUT_RETURN_TYPE = YES_ERROR;
				GCC_WARN_UNDECLARED_SELECTOR = YES;
				GCC_WARN_UNINITIALIZED_AUTOS = YES_AGGRESSIVE;
				GCC_WARN_UNUSED_FUNCTION = YES;
				GCC_WARN_UNUSED_VARIABLE = YES;
				MACOSX_DEPLOYMENT_TARGET = 10.14;
				MTL_ENABLE_DEBUG_INFO = NO;
				MTL_FAST_MATH = YES;
				SDKROOT = macosx;
			};
			name = Release;
		};
		94209329239C8C9300D55AA5 /* Debug */ = {
			isa = XCBuildConfiguration;
			buildSettings = {
				CODE_SIGN_STYLE = Automatic;
				PRODUCT_NAME = "$(TARGET_NAME)";
			};
			name = Debug;
		};
		9420932A239C8C9300D55AA5 /* Release */ = {
			isa = XCBuildConfiguration;
			buildSettings = {
				CODE_SIGN_STYLE = Automatic;
				PRODUCT_NAME = "$(TARGET_NAME)";
			};
			name = Release;
		};
/* End XCBuildConfiguration section */

/* Begin XCConfigurationList section */
		9420931C239C8C9300D55AA5 /* Build configuration list for PBXProject "saltunnel2" */ = {
			isa = XCConfigurationList;
			buildConfigurations = (
				94209326239C8C9300D55AA5 /* Debug */,
				94209327239C8C9300D55AA5 /* Release */,
			);
			defaultConfigurationIsVisible = 0;
			defaultConfigurationName = Release;
		};
		94209328239C8C9300D55AA5 /* Build configuration list for PBXNativeTarget "saltunnel2" */ = {
			isa = XCConfigurationList;
			buildConfigurations = (
				94209329239C8C9300D55AA5 /* Debug */,
				9420932A239C8C9300D55AA5 /* Release */,
			);
			defaultConfigurationIsVisible = 0;
			defaultConfigurationName = Release;
		};
/* End XCConfigurationList section */
	};
	rootObject = 94209319239C8C9300D55AA5 /* Project object */;
}
